<?xml version="1.0" encoding="utf-8"?>
<Project ToolsVersion="4.0" xmlns="http://schemas.microsoft.com/developer/msbuild/2003">
  <ItemGroup>
    <Filter Include="Source Files">
      <UniqueIdentifier>{1cd07fbf-8bf5-4136-b72f-b9f595dfa2d8}</UniqueIdentifier>
      <Extensions>cpp;c;cxx;def;odl;idl;hpj;bat;asm</Extensions>
    </Filter>
    <Filter Include="Header Files">
      <UniqueIdentifier>{61e9b32c-9547-4ba3-ad41-5af47753d778}</UniqueIdentifier>
      <Extensions>h;hpp;hxx;hm;inl;inc</Extensions>
    </Filter>
    <Filter Include="Generated Moc Files">
      <UniqueIdentifier>{2ae74d9e-6ff6-43e7-b91d-d45c7ff8b76b}</UniqueIdentifier>
    </Filter>
  </ItemGroup>
  <ItemGroup>
    <ClCompile Include="..\..\..\scribus\plugins\import\viva\importviva.cpp">
      <Filter>Source Files</Filter>
    </ClCompile>
    <ClCompile Include="..\..\..\scribus\plugins\import\viva\importvivaplugin.cpp">
      <Filter>Source Files</Filter>
    </ClCompile>
    <ClCompile Include="vivaimportdll.cpp">
      <Filter>Source Files</Filter>
    </ClCompile>
    <ClCompile Include="..\..\..\scribus\plugins\import\viva\moc_importviva.cpp">
      <Filter>Generated Moc Files</Filter>
    </ClCompile>
    <ClCompile Include="..\..\..\scribus\plugins\import\viva\moc_importvivaplugin.cpp">
      <Filter>Generated Moc Files</Filter>
    </ClCompile>
  </ItemGroup>
  <ItemGroup>
    <moc Include="..\..\..\scribus\plugins\import\viva\importviva.h">
      <Filter>Header Files</Filter>
    </moc>
    <moc Include="..\..\..\scribus\plugins\import\viva\importvivaplugin.h">
      <Filter>Header Files</Filter>
    </moc>
  </ItemGroup>
</Project>