Microsoft Visual Studio Solution File, Format Version 9.00
# Visual C++ Express 2005
Project("{8BC9CEB8-8B4A-11D0-8D11-00A0C91BC942}") = "Scribus 1.3.5.x", "Scribus-1.3.x.vcproj", "{B17FCD80-7978-4544-93C4-2FE1AC6FE9F3}"
EndProject
Project("{8BC9CEB8-8B4A-11D0-8D11-00A0C91BC942}") = "svgexport-1.3.5.x", "svgexport\svgexport-1.3.x.vcproj", "{9652EA11-AFA0-4CDF-88AC-7912C653EFE6}"
	ProjectSection(ProjectDependencies) = postProject
		{B17FCD80-7978-4544-93C4-2FE1AC6FE9F3} = {B17FCD80-7978-4544-93C4-2FE1AC6FE9F3}
	EndProjectSection
EndProject
Project("{8BC9CEB8-8B4A-11D0-8D11-00A0C91BC942}") = "svgimport-1.3.5.x", "svgimport\svgimport-1.3.x.vcproj", "{94FC2DA4-7881-47FB-8625-71ECCAB1375D}"
	ProjectSection(ProjectDependencies) = postProject
		{B17FCD80-7978-4544-93C4-2FE1AC6FE9F3} = {B17FCD80-7978-4544-93C4-2FE1AC6FE9F3}
	EndProjectSection
EndProject
Project("{8BC9CEB8-8B4A-11D0-8D11-00A0C91BC942}") = "colorwheel-1.3.5.x", "colorwheel\colorwheel-1.3.x.vcproj", "{778564AE-EF11-4E88-A1D6-31AC8B10257F}"
	ProjectSection(ProjectDependencies) = postProject
		{B17FCD80-7978-4544-93C4-2FE1AC6FE9F3} = {B17FCD80-7978-4544-93C4-2FE1AC6FE9F3}
	EndProjectSection
EndProject
Project("{8BC9CEB8-8B4A-11D0-8D11-00A0C91BC942}") = "fontpreview-1.3.5.x", "fontpreview\fontpreview-1.3.x.vcproj", "{C8FA9789-CA9A-4256-B4BB-C4ED97CBADEF}"
	ProjectSection(ProjectDependencies) = postProject
		{B17FCD80-7978-4544-93C4-2FE1AC6FE9F3} = {B17FCD80-7978-4544-93C4-2FE1AC6FE9F3}
	EndProjectSection
EndProject
Project("{8BC9CEB8-8B4A-11D0-8D11-00A0C91BC942}") = "pixmapexport-1.3.5.x", "pixmapexport\pixmapexport-1.3.x.vcproj", "{BCDD9765-B310-44EB-890A-1704A1D18619}"
	ProjectSection(ProjectDependencies) = postProject
		{B17FCD80-7978-4544-93C4-2FE1AC6FE9F3} = {B17FCD80-7978-4544-93C4-2FE1AC6FE9F3}
	EndProjectSection
EndProject
Project("{8BC9CEB8-8B4A-11D0-8D11-00A0C91BC942}") = "psimport-1.3.5.x", "psimport\psimport-1.3.x.vcproj", "{6E8FF91A-DD16-4FAB-ACA5-8243453613F3}"
	ProjectSection(ProjectDependencies) = postProject
		{B17FCD80-7978-4544-93C4-2FE1AC6FE9F3} = {B17FCD80-7978-4544-93C4-2FE1AC6FE9F3}
	EndProjectSection
EndProject
Project("{8BC9CEB8-8B4A-11D0-8D11-00A0C91BC942}") = "saveastemplate-1.3.5.x", "saveastemplate\saveastemplate-1.3.x.vcproj", "{F8CF727B-EF70-43DD-97F3-EDE68E0942D4}"
	ProjectSection(ProjectDependencies) = postProject
		{B17FCD80-7978-4544-93C4-2FE1AC6FE9F3} = {B17FCD80-7978-4544-93C4-2FE1AC6FE9F3}
	EndProjectSection
EndProject
Project("{8BC9CEB8-8B4A-11D0-8D11-00A0C91BC942}") = "oodrawimport-1.3.5.x", "oodrawimport\oodrawimport-1.3.x.vcproj", "{5AC499E4-BABA-419B-83B3-50D3C54059B8}"
	ProjectSection(ProjectDependencies) = postProject
		{B17FCD80-7978-4544-93C4-2FE1AC6FE9F3} = {B17FCD80-7978-4544-93C4-2FE1AC6FE9F3}
	EndProjectSection
EndProject
Project("{8BC9CEB8-8B4A-11D0-8D11-00A0C91BC942}") = "gettext-csvim-1.3.5.x", "gettext-csvim\gettext-csvim-1.3.x.vcproj", "{CEB375A0-BC15-4BCE-91C8-003701C02304}"
	ProjectSection(ProjectDependencies) = postProject
		{B17FCD80-7978-4544-93C4-2FE1AC6FE9F3} = {B17FCD80-7978-4544-93C4-2FE1AC6FE9F3}
	EndProjectSection
EndProject
Project("{8BC9CEB8-8B4A-11D0-8D11-00A0C91BC942}") = "gettext-htmlim-1.3.5.x", "gettext-htmlim\gettext-htmlim-1.3.x.vcproj", "{AD793860-316D-46C9-A355-0888D003FFB0}"
	ProjectSection(ProjectDependencies) = postProject
		{B17FCD80-7978-4544-93C4-2FE1AC6FE9F3} = {B17FCD80-7978-4544-93C4-2FE1AC6FE9F3}
	EndProjectSection
EndProject
Project("{8BC9CEB8-8B4A-11D0-8D11-00A0C91BC942}") = "gettext-odtim-1.3.5.x", "gettext-odtim\gettext-odtim-1.3.x.vcproj", "{181977C6-17C1-4ADB-B16A-5C6A9CD95427}"
	ProjectSection(ProjectDependencies) = postProject
		{B17FCD80-7978-4544-93C4-2FE1AC6FE9F3} = {B17FCD80-7978-4544-93C4-2FE1AC6FE9F3}
	EndProjectSection
EndProject
Project("{8BC9CEB8-8B4A-11D0-8D11-00A0C91BC942}") = "gettext-sxwim-1.3.5.x", "gettext-sxwim\gettext-sxwim-1.3.x.vcproj", "{743095DE-B828-40AF-92F7-96FB751E0AF2}"
	ProjectSection(ProjectDependencies) = postProject
		{B17FCD80-7978-4544-93C4-2FE1AC6FE9F3} = {B17FCD80-7978-4544-93C4-2FE1AC6FE9F3}
	EndProjectSection
EndProject
Project("{8BC9CEB8-8B4A-11D0-8D11-00A0C91BC942}") = "gettext-textfilter-1.3.5.x", "gettext-textfilter\gettext-textfilter-1.3.x.vcproj", "{3CF57996-98BE-4C6A-85D6-91A85107D52A}"
	ProjectSection(ProjectDependencies) = postProject
		{B17FCD80-7978-4544-93C4-2FE1AC6FE9F3} = {B17FCD80-7978-4544-93C4-2FE1AC6FE9F3}
	EndProjectSection
EndProject
Project("{8BC9CEB8-8B4A-11D0-8D11-00A0C91BC942}") = "gettext-txtim-1.3.5.x", "gettext-txtim\gettext-txtim-1.3.x.vcproj", "{91AA5592-24B2-4C30-A15C-9ECABB743DF6}"
	ProjectSection(ProjectDependencies) = postProject
		{B17FCD80-7978-4544-93C4-2FE1AC6FE9F3} = {B17FCD80-7978-4544-93C4-2FE1AC6FE9F3}
	EndProjectSection
EndProject
Project("{8BC9CEB8-8B4A-11D0-8D11-00A0C91BC942}") = "shortwords-1.3.5.x", "shortwords\shortwords-1.3.x.vcproj", "{F54F5827-D95E-4CCE-856B-394C16BB7C83}"
	ProjectSection(ProjectDependencies) = postProject
		{B17FCD80-7978-4544-93C4-2FE1AC6FE9F3} = {B17FCD80-7978-4544-93C4-2FE1AC6FE9F3}
	EndProjectSection
EndProject
Project("{8BC9CEB8-8B4A-11D0-8D11-00A0C91BC942}") = "scriptplugin-1.3.5.x", "scriptplugin\scriptplugin-1.3.x.vcproj", "{A1C9766A-07E2-4105-A5D9-3AA74B2A220F}"
	ProjectSection(ProjectDependencies) = postProject
		{B17FCD80-7978-4544-93C4-2FE1AC6FE9F3} = {B17FCD80-7978-4544-93C4-2FE1AC6FE9F3}
	EndProjectSection
EndProject
Project("{8BC9CEB8-8B4A-11D0-8D11-00A0C91BC942}") = "barcodegenerator-1.3.5.x", "barcodegenerator\barcodegenerator-1.3.x.vcproj", "{F1A831E1-7401-4B59-ACC8-B263549F91B9}"
	ProjectSection(ProjectDependencies) = postProject
		{B17FCD80-7978-4544-93C4-2FE1AC6FE9F3} = {B17FCD80-7978-4544-93C4-2FE1AC6FE9F3}
	EndProjectSection
EndProject
Project("{8BC9CEB8-8B4A-11D0-8D11-00A0C91BC942}") = "gettext-pdbim-1.3.5.x", "gettext-pdbim\gettext-pdbim.vcproj", "{97BDE35F-A881-49BE-ADB4-218998087BF9}"
	ProjectSection(ProjectDependencies) = postProject
		{B17FCD80-7978-4544-93C4-2FE1AC6FE9F3} = {B17FCD80-7978-4544-93C4-2FE1AC6FE9F3}
	EndProjectSection
EndProject
Project("{8BC9CEB8-8B4A-11D0-8D11-00A0C91BC942}") = "gettext-docim-1.3.5.x", "gettext-docim\gettext-docim.vcproj", "{EF2A0A6E-589C-4D37-9C1E-1FC02B63C044}"
	ProjectSection(ProjectDependencies) = postProject
		{B17FCD80-7978-4544-93C4-2FE1AC6FE9F3} = {B17FCD80-7978-4544-93C4-2FE1AC6FE9F3}
	EndProjectSection
EndProject
Project("{8BC9CEB8-8B4A-11D0-8D11-00A0C91BC942}") = "scribus12format-1.3.5.x", "scribus12format\scribus12format-1.3.x.vcproj", "{0287B924-5534-48C1-AD67-C4F5FE57F0FC}"
	ProjectSection(ProjectDependencies) = postProject
		{B17FCD80-7978-4544-93C4-2FE1AC6FE9F3} = {B17FCD80-7978-4544-93C4-2FE1AC6FE9F3}
	EndProjectSection
EndProject
Project("{8BC9CEB8-8B4A-11D0-8D11-00A0C91BC942}") = "scribus13format-1.3.5.x", "scribus13format\scribus13format-1.3.x.vcproj", "{CF841DED-379A-4287-A797-01C36CC26524}"
	ProjectSection(ProjectDependencies) = postProject
		{B17FCD80-7978-4544-93C4-2FE1AC6FE9F3} = {B17FCD80-7978-4544-93C4-2FE1AC6FE9F3}
	EndProjectSection
EndProject
Project("{8BC9CEB8-8B4A-11D0-8D11-00A0C91BC942}") = "scribus134format-1.3.5.x", "scribus134format\scribus134format-1.3.x.vcproj", "{B9131D43-8E1B-4660-A5C1-B58F9D8BDCF7}"
	ProjectSection(ProjectDependencies) = postProject
		{B17FCD80-7978-4544-93C4-2FE1AC6FE9F3} = {B17FCD80-7978-4544-93C4-2FE1AC6FE9F3}
	EndProjectSection
EndProject
Project("{8BC9CEB8-8B4A-11D0-8D11-00A0C91BC942}") = "wmfimport-1.3.5.x", "wmfimport\wmfimport-1.3.x.vcproj", "{461FE9D7-4889-4BA6-8DC3-D134F3B96949}"
	ProjectSection(ProjectDependencies) = postProject
		{B17FCD80-7978-4544-93C4-2FE1AC6FE9F3} = {B17FCD80-7978-4544-93C4-2FE1AC6FE9F3}
	EndProjectSection
EndProject
Project("{8BC9CEB8-8B4A-11D0-8D11-00A0C91BC942}") = "aiimport-1.3.5.x", "aiimport\aiimport-1.3.x.vcproj", "{1BBA70B3-12AF-463C-A8E4-E613E4999491}"
	ProjectSection(ProjectDependencies) = postProject
		{B17FCD80-7978-4544-93C4-2FE1AC6FE9F3} = {B17FCD80-7978-4544-93C4-2FE1AC6FE9F3}
	EndProjectSection
EndProject
Project("{8BC9CEB8-8B4A-11D0-8D11-00A0C91BC942}") = "scribus-desaxe-1.3.5.x", "scribus-desaxe\scribus-desaxe.vcproj", "{CCA6B7D5-9CC5-4FD0-B64C-A70ECF953DB1}"
EndProject
Project("{8BC9CEB8-8B4A-11D0-8D11-00A0C91BC942}") = "lenseffects-1.3.5.x", "lenseffects\lenseffects-1.3.x.vcproj", "{A00C1154-21EF-4844-9A6A-CA04CD6CB3D7}"
	ProjectSection(ProjectDependencies) = postProject
		{B17FCD80-7978-4544-93C4-2FE1AC6FE9F3} = {B17FCD80-7978-4544-93C4-2FE1AC6FE9F3}
	EndProjectSection
EndProject
Project("{8BC9CEB8-8B4A-11D0-8D11-00A0C91BC942}") = "pathfinder-1.3.5.x", "pathfinder\pathfinder-1.3.x.vcproj", "{3D406CF3-7B96-4C50-AE65-4B13F3B1FB3E}"
	ProjectSection(ProjectDependencies) = postProject
		{B17FCD80-7978-4544-93C4-2FE1AC6FE9F3} = {B17FCD80-7978-4544-93C4-2FE1AC6FE9F3}
	EndProjectSection
EndProject
Project("{8BC9CEB8-8B4A-11D0-8D11-00A0C91BC942}") = "pathstroker-1.3.5.x", "pathstroker\pathstroker-1.3.x.vcproj", "{2DA58BEA-E0FF-4563-9D0C-1C9F00E66829}"
	ProjectSection(ProjectDependencies) = postProject
		{B17FCD80-7978-4544-93C4-2FE1AC6FE9F3} = {B17FCD80-7978-4544-93C4-2FE1AC6FE9F3}
	EndProjectSection
EndProject
Project("{8BC9CEB8-8B4A-11D0-8D11-00A0C91BC942}") = "subdivide-1.3.5.x", "subdivide\subdivide-1.3.x.vcproj", "{EF91BE42-1E12-48D4-B173-BA55544E915A}"
	ProjectSection(ProjectDependencies) = postProject
		{B17FCD80-7978-4544-93C4-2FE1AC6FE9F3} = {B17FCD80-7978-4544-93C4-2FE1AC6FE9F3}
	EndProjectSection
EndProject
Project("{8BC9CEB8-8B4A-11D0-8D11-00A0C91BC942}") = "pathcut-1.3.5.x", "pathcut\pathcut-1.3.x.vcproj", "{0DB9ED07-1DF0-404C-AA80-5301090CD892}"
	ProjectSection(ProjectDependencies) = postProject
		{B17FCD80-7978-4544-93C4-2FE1AC6FE9F3} = {B17FCD80-7978-4544-93C4-2FE1AC6FE9F3}
	EndProjectSection
EndProject
Project("{8BC9CEB8-8B4A-11D0-8D11-00A0C91BC942}") = "xfigimport-1.3.5.x", "xfigimport\xfigimport-1.3.x.vcproj", "{B76382D2-D406-498D-AA17-16F6709033A4}"
	ProjectSection(ProjectDependencies) = postProject
		{B17FCD80-7978-4544-93C4-2FE1AC6FE9F3} = {B17FCD80-7978-4544-93C4-2FE1AC6FE9F3}
	EndProjectSection
EndProject
Project("{8BC9CEB8-8B4A-11D0-8D11-00A0C91BC942}") = "transform-1.3.5.x", "transform\transform-1.3.x.vcproj", "{1A1453ED-BD0A-4B5C-B58D-F3BE748AD549}"
	ProjectSection(ProjectDependencies) = postProject
		{B17FCD80-7978-4544-93C4-2FE1AC6FE9F3} = {B17FCD80-7978-4544-93C4-2FE1AC6FE9F3}
	EndProjectSection
EndProject
Project("{8BC9CEB8-8B4A-11D0-8D11-00A0C91BC942}") = "scribus-lib2geom-1.3.5.x", "scribus-lib2geom\scribus-lib2geom.vcproj", "{6AC5EDDC-2540-47E0-873E-FE40FB06FBFD}"
EndProject
Project("{8BC9CEB8-8B4A-11D0-8D11-00A0C91BC942}") = "pathalongpath-1.3.5.x", "pathalongpath\pathalongpath-1.3.x.vcproj", "{CAF6D555-0E2E-4ABB-9585-00860B8B183E}"
	ProjectSection(ProjectDependencies) = postProject
		{6AC5EDDC-2540-47E0-873E-FE40FB06FBFD} = {6AC5EDDC-2540-47E0-873E-FE40FB06FBFD}
		{B17FCD80-7978-4544-93C4-2FE1AC6FE9F3} = {B17FCD80-7978-4544-93C4-2FE1AC6FE9F3}
	EndProjectSection
EndProject
Project("{8BC9CEB8-8B4A-11D0-8D11-00A0C91BC942}") = "meshdistortion-1.3.5.x", "meshdistortion\meshdistortion-1.3.x.vcproj", "{2B610023-D3A6-4EC3-B7D5-868ED3B9321E}"
	ProjectSection(ProjectDependencies) = postProject
		{6AC5EDDC-2540-47E0-873E-FE40FB06FBFD} = {6AC5EDDC-2540-47E0-873E-FE40FB06FBFD}
		{B17FCD80-7978-4544-93C4-2FE1AC6FE9F3} = {B17FCD80-7978-4544-93C4-2FE1AC6FE9F3}
	EndProjectSection
EndProject
Project("{8BC9CEB8-8B4A-11D0-8D11-00A0C91BC942}") = "pathconnect-1.3.5.x", "pathconnect\pathconnect-1.3.x.vcproj", "{EDE59DB3-794A-4E3F-942A-98189DF6DCE2}"
	ProjectSection(ProjectDependencies) = postProject
		{B17FCD80-7978-4544-93C4-2FE1AC6FE9F3} = {B17FCD80-7978-4544-93C4-2FE1AC6FE9F3}
	EndProjectSection
EndProject
Global
	GlobalSection(SolutionConfigurationPlatforms) = preSolution
		Debug-arthur|Win32 = Debug-arthur|Win32
		Debug-cairo|Win32 = Debug-cairo|Win32
		Release-arthur|Win32 = Release-arthur|Win32
		Release-cairo|Win32 = Release-cairo|Win32
	EndGlobalSection
	GlobalSection(ProjectConfigurationPlatforms) = postSolution
		{B17FCD80-7978-4544-93C4-2FE1AC6FE9F3}.Debug-arthur|Win32.ActiveCfg = Debug-arthur|Win32
		{B17FCD80-7978-4544-93C4-2FE1AC6FE9F3}.Debug-arthur|Win32.Build.0 = Debug-arthur|Win32
		{B17FCD80-7978-4544-93C4-2FE1AC6FE9F3}.Debug-cairo|Win32.ActiveCfg = Debug-cairo|Win32
		{B17FCD80-7978-4544-93C4-2FE1AC6FE9F3}.Debug-cairo|Win32.Build.0 = Debug-cairo|Win32
		{B17FCD80-7978-4544-93C4-2FE1AC6FE9F3}.Release-arthur|Win32.ActiveCfg = Release-arthur|Win32
		{B17FCD80-7978-4544-93C4-2FE1AC6FE9F3}.Release-arthur|Win32.Build.0 = Release-arthur|Win32
		{B17FCD80-7978-4544-93C4-2FE1AC6FE9F3}.Release-cairo|Win32.ActiveCfg = Release-cairo|Win32
		{B17FCD80-7978-4544-93C4-2FE1AC6FE9F3}.Release-cairo|Win32.Build.0 = Release-cairo|Win32
		{9652EA11-AFA0-4CDF-88AC-7912C653EFE6}.Debug-arthur|Win32.ActiveCfg = Debug-arthur|Win32
		{9652EA11-AFA0-4CDF-88AC-7912C653EFE6}.Debug-arthur|Win32.Build.0 = Debug-arthur|Win32
		{9652EA11-AFA0-4CDF-88AC-7912C653EFE6}.Debug-cairo|Win32.ActiveCfg = Debug-cairo|Win32
		{9652EA11-AFA0-4CDF-88AC-7912C653EFE6}.Debug-cairo|Win32.Build.0 = Debug-cairo|Win32
		{9652EA11-AFA0-4CDF-88AC-7912C653EFE6}.Release-arthur|Win32.ActiveCfg = Release-arthur|Win32
		{9652EA11-AFA0-4CDF-88AC-7912C653EFE6}.Release-arthur|Win32.Build.0 = Release-arthur|Win32
		{9652EA11-AFA0-4CDF-88AC-7912C653EFE6}.Release-cairo|Win32.ActiveCfg = Release-cairo|Win32
		{9652EA11-AFA0-4CDF-88AC-7912C653EFE6}.Release-cairo|Win32.Build.0 = Release-cairo|Win32
		{94FC2DA4-7881-47FB-8625-71ECCAB1375D}.Debug-arthur|Win32.ActiveCfg = Debug-arthur|Win32
		{94FC2DA4-7881-47FB-8625-71ECCAB1375D}.Debug-arthur|Win32.Build.0 = Debug-arthur|Win32
		{94FC2DA4-7881-47FB-8625-71ECCAB1375D}.Debug-cairo|Win32.ActiveCfg = Debug-cairo|Win32
		{94FC2DA4-7881-47FB-8625-71ECCAB1375D}.Debug-cairo|Win32.Build.0 = Debug-cairo|Win32
		{94FC2DA4-7881-47FB-8625-71ECCAB1375D}.Release-arthur|Win32.ActiveCfg = Release-arthur|Win32
		{94FC2DA4-7881-47FB-8625-71ECCAB1375D}.Release-arthur|Win32.Build.0 = Release-arthur|Win32
		{94FC2DA4-7881-47FB-8625-71ECCAB1375D}.Release-cairo|Win32.ActiveCfg = Release-cairo|Win32
		{94FC2DA4-7881-47FB-8625-71ECCAB1375D}.Release-cairo|Win32.Build.0 = Release-cairo|Win32
		{778564AE-EF11-4E88-A1D6-31AC8B10257F}.Debug-arthur|Win32.ActiveCfg = Debug-arthur|Win32
		{778564AE-EF11-4E88-A1D6-31AC8B10257F}.Debug-arthur|Win32.Build.0 = Debug-arthur|Win32
		{778564AE-EF11-4E88-A1D6-31AC8B10257F}.Debug-cairo|Win32.ActiveCfg = Debug-cairo|Win32
		{778564AE-EF11-4E88-A1D6-31AC8B10257F}.Debug-cairo|Win32.Build.0 = Debug-cairo|Win32
		{778564AE-EF11-4E88-A1D6-31AC8B10257F}.Release-arthur|Win32.ActiveCfg = Release-arthur|Win32
		{778564AE-EF11-4E88-A1D6-31AC8B10257F}.Release-arthur|Win32.Build.0 = Release-arthur|Win32
		{778564AE-EF11-4E88-A1D6-31AC8B10257F}.Release-cairo|Win32.ActiveCfg = Release-cairo|Win32
		{778564AE-EF11-4E88-A1D6-31AC8B10257F}.Release-cairo|Win32.Build.0 = Release-cairo|Win32
		{C8FA9789-CA9A-4256-B4BB-C4ED97CBADEF}.Debug-arthur|Win32.ActiveCfg = Debug-arthur|Win32
		{C8FA9789-CA9A-4256-B4BB-C4ED97CBADEF}.Debug-arthur|Win32.Build.0 = Debug-arthur|Win32
		{C8FA9789-CA9A-4256-B4BB-C4ED97CBADEF}.Debug-cairo|Win32.ActiveCfg = Debug-cairo|Win32
		{C8FA9789-CA9A-4256-B4BB-C4ED97CBADEF}.Debug-cairo|Win32.Build.0 = Debug-cairo|Win32
		{C8FA9789-CA9A-4256-B4BB-C4ED97CBADEF}.Release-arthur|Win32.ActiveCfg = Release-arthur|Win32
		{C8FA9789-CA9A-4256-B4BB-C4ED97CBADEF}.Release-arthur|Win32.Build.0 = Release-arthur|Win32
		{C8FA9789-CA9A-4256-B4BB-C4ED97CBADEF}.Release-cairo|Win32.ActiveCfg = Release-cairo|Win32
		{C8FA9789-CA9A-4256-B4BB-C4ED97CBADEF}.Release-cairo|Win32.Build.0 = Release-cairo|Win32
		{BCDD9765-B310-44EB-890A-1704A1D18619}.Debug-arthur|Win32.ActiveCfg = Debug-arthur|Win32
		{BCDD9765-B310-44EB-890A-1704A1D18619}.Debug-arthur|Win32.Build.0 = Debug-arthur|Win32
		{BCDD9765-B310-44EB-890A-1704A1D18619}.Debug-cairo|Win32.ActiveCfg = Debug-cairo|Win32
		{BCDD9765-B310-44EB-890A-1704A1D18619}.Debug-cairo|Win32.Build.0 = Debug-cairo|Win32
		{BCDD9765-B310-44EB-890A-1704A1D18619}.Release-arthur|Win32.ActiveCfg = Release-arthur|Win32
		{BCDD9765-B310-44EB-890A-1704A1D18619}.Release-arthur|Win32.Build.0 = Release-arthur|Win32
		{BCDD9765-B310-44EB-890A-1704A1D18619}.Release-cairo|Win32.ActiveCfg = Release-cairo|Win32
		{BCDD9765-B310-44EB-890A-1704A1D18619}.Release-cairo|Win32.Build.0 = Release-cairo|Win32
		{6E8FF91A-DD16-4FAB-ACA5-8243453613F3}.Debug-arthur|Win32.ActiveCfg = Debug-arthur|Win32
		{6E8FF91A-DD16-4FAB-ACA5-8243453613F3}.Debug-arthur|Win32.Build.0 = Debug-arthur|Win32
		{6E8FF91A-DD16-4FAB-ACA5-8243453613F3}.Debug-cairo|Win32.ActiveCfg = Debug-cairo|Win32
		{6E8FF91A-DD16-4FAB-ACA5-8243453613F3}.Debug-cairo|Win32.Build.0 = Debug-cairo|Win32
		{6E8FF91A-DD16-4FAB-ACA5-8243453613F3}.Release-arthur|Win32.ActiveCfg = Release-arthur|Win32
		{6E8FF91A-DD16-4FAB-ACA5-8243453613F3}.Release-arthur|Win32.Build.0 = Release-arthur|Win32
		{6E8FF91A-DD16-4FAB-ACA5-8243453613F3}.Release-cairo|Win32.ActiveCfg = Release-cairo|Win32
		{6E8FF91A-DD16-4FAB-ACA5-8243453613F3}.Release-cairo|Win32.Build.0 = Release-cairo|Win32
		{F8CF727B-EF70-43DD-97F3-EDE68E0942D4}.Debug-arthur|Win32.ActiveCfg = Debug-arthur|Win32
		{F8CF727B-EF70-43DD-97F3-EDE68E0942D4}.Debug-arthur|Win32.Build.0 = Debug-arthur|Win32
		{F8CF727B-EF70-43DD-97F3-EDE68E0942D4}.Debug-cairo|Win32.ActiveCfg = Debug-cairo|Win32
		{F8CF727B-EF70-43DD-97F3-EDE68E0942D4}.Debug-cairo|Win32.Build.0 = Debug-cairo|Win32
		{F8CF727B-EF70-43DD-97F3-EDE68E0942D4}.Release-arthur|Win32.ActiveCfg = Release-arthur|Win32
		{F8CF727B-EF70-43DD-97F3-EDE68E0942D4}.Release-arthur|Win32.Build.0 = Release-arthur|Win32
		{F8CF727B-EF70-43DD-97F3-EDE68E0942D4}.Release-cairo|Win32.ActiveCfg = Release-cairo|Win32
		{F8CF727B-EF70-43DD-97F3-EDE68E0942D4}.Release-cairo|Win32.Build.0 = Release-cairo|Win32
		{5AC499E4-BABA-419B-83B3-50D3C54059B8}.Debug-arthur|Win32.ActiveCfg = Debug-arthur|Win32
		{5AC499E4-BABA-419B-83B3-50D3C54059B8}.Debug-arthur|Win32.Build.0 = Debug-arthur|Win32
		{5AC499E4-BABA-419B-83B3-50D3C54059B8}.Debug-cairo|Win32.ActiveCfg = Debug-cairo|Win32
		{5AC499E4-BABA-419B-83B3-50D3C54059B8}.Debug-cairo|Win32.Build.0 = Debug-cairo|Win32
		{5AC499E4-BABA-419B-83B3-50D3C54059B8}.Release-arthur|Win32.ActiveCfg = Release-arthur|Win32
		{5AC499E4-BABA-419B-83B3-50D3C54059B8}.Release-arthur|Win32.Build.0 = Release-arthur|Win32
		{5AC499E4-BABA-419B-83B3-50D3C54059B8}.Release-cairo|Win32.ActiveCfg = Release-cairo|Win32
		{5AC499E4-BABA-419B-83B3-50D3C54059B8}.Release-cairo|Win32.Build.0 = Release-cairo|Win32
		{CEB375A0-BC15-4BCE-91C8-003701C02304}.Debug-arthur|Win32.ActiveCfg = Debug-arthur|Win32
		{CEB375A0-BC15-4BCE-91C8-003701C02304}.Debug-arthur|Win32.Build.0 = Debug-arthur|Win32
		{CEB375A0-BC15-4BCE-91C8-003701C02304}.Debug-cairo|Win32.ActiveCfg = Debug-cairo|Win32
		{CEB375A0-BC15-4BCE-91C8-003701C02304}.Debug-cairo|Win32.Build.0 = Debug-cairo|Win32
		{CEB375A0-BC15-4BCE-91C8-003701C02304}.Release-arthur|Win32.ActiveCfg = Release-arthur|Win32
		{CEB375A0-BC15-4BCE-91C8-003701C02304}.Release-arthur|Win32.Build.0 = Release-arthur|Win32
		{CEB375A0-BC15-4BCE-91C8-003701C02304}.Release-cairo|Win32.ActiveCfg = Release-cairo|Win32
		{CEB375A0-BC15-4BCE-91C8-003701C02304}.Release-cairo|Win32.Build.0 = Release-cairo|Win32
		{AD793860-316D-46C9-A355-0888D003FFB0}.Debug-arthur|Win32.ActiveCfg = Debug-arthur|Win32
		{AD793860-316D-46C9-A355-0888D003FFB0}.Debug-arthur|Win32.Build.0 = Debug-arthur|Win32
		{AD793860-316D-46C9-A355-0888D003FFB0}.Debug-cairo|Win32.ActiveCfg = Debug-cairo|Win32
		{AD793860-316D-46C9-A355-0888D003FFB0}.Debug-cairo|Win32.Build.0 = Debug-cairo|Win32
		{AD793860-316D-46C9-A355-0888D003FFB0}.Release-arthur|Win32.ActiveCfg = Release-arthur|Win32
		{AD793860-316D-46C9-A355-0888D003FFB0}.Release-arthur|Win32.Build.0 = Release-arthur|Win32
		{AD793860-316D-46C9-A355-0888D003FFB0}.Release-cairo|Win32.ActiveCfg = Release-cairo|Win32
		{AD793860-316D-46C9-A355-0888D003FFB0}.Release-cairo|Win32.Build.0 = Release-cairo|Win32
		{181977C6-17C1-4ADB-B16A-5C6A9CD95427}.Debug-arthur|Win32.ActiveCfg = Debug-arthur|Win32
		{181977C6-17C1-4ADB-B16A-5C6A9CD95427}.Debug-arthur|Win32.Build.0 = Debug-arthur|Win32
		{181977C6-17C1-4ADB-B16A-5C6A9CD95427}.Debug-cairo|Win32.ActiveCfg = Debug-cairo|Win32
		{181977C6-17C1-4ADB-B16A-5C6A9CD95427}.Debug-cairo|Win32.Build.0 = Debug-cairo|Win32
		{181977C6-17C1-4ADB-B16A-5C6A9CD95427}.Release-arthur|Win32.ActiveCfg = Release-arthur|Win32
		{181977C6-17C1-4ADB-B16A-5C6A9CD95427}.Release-arthur|Win32.Build.0 = Release-arthur|Win32
		{181977C6-17C1-4ADB-B16A-5C6A9CD95427}.Release-cairo|Win32.ActiveCfg = Release-cairo|Win32
		{181977C6-17C1-4ADB-B16A-5C6A9CD95427}.Release-cairo|Win32.Build.0 = Release-cairo|Win32
		{743095DE-B828-40AF-92F7-96FB751E0AF2}.Debug-arthur|Win32.ActiveCfg = Debug-arthur|Win32
		{743095DE-B828-40AF-92F7-96FB751E0AF2}.Debug-arthur|Win32.Build.0 = Debug-arthur|Win32
		{743095DE-B828-40AF-92F7-96FB751E0AF2}.Debug-cairo|Win32.ActiveCfg = Debug-cairo|Win32
		{743095DE-B828-40AF-92F7-96FB751E0AF2}.Debug-cairo|Win32.Build.0 = Debug-cairo|Win32
		{743095DE-B828-40AF-92F7-96FB751E0AF2}.Release-arthur|Win32.ActiveCfg = Release-arthur|Win32
		{743095DE-B828-40AF-92F7-96FB751E0AF2}.Release-arthur|Win32.Build.0 = Release-arthur|Win32
		{743095DE-B828-40AF-92F7-96FB751E0AF2}.Release-cairo|Win32.ActiveCfg = Release-cairo|Win32
		{743095DE-B828-40AF-92F7-96FB751E0AF2}.Release-cairo|Win32.Build.0 = Release-cairo|Win32
		{3CF57996-98BE-4C6A-85D6-91A85107D52A}.Debug-arthur|Win32.ActiveCfg = Debug-arthur|Win32
		{3CF57996-98BE-4C6A-85D6-91A85107D52A}.Debug-arthur|Win32.Build.0 = Debug-arthur|Win32
		{3CF57996-98BE-4C6A-85D6-91A85107D52A}.Debug-cairo|Win32.ActiveCfg = Debug-cairo|Win32
		{3CF57996-98BE-4C6A-85D6-91A85107D52A}.Debug-cairo|Win32.Build.0 = Debug-cairo|Win32
		{3CF57996-98BE-4C6A-85D6-91A85107D52A}.Release-arthur|Win32.ActiveCfg = Release-arthur|Win32
		{3CF57996-98BE-4C6A-85D6-91A85107D52A}.Release-arthur|Win32.Build.0 = Release-arthur|Win32
		{3CF57996-98BE-4C6A-85D6-91A85107D52A}.Release-cairo|Win32.ActiveCfg = Release-cairo|Win32
		{3CF57996-98BE-4C6A-85D6-91A85107D52A}.Release-cairo|Win32.Build.0 = Release-cairo|Win32
		{91AA5592-24B2-4C30-A15C-9ECABB743DF6}.Debug-arthur|Win32.ActiveCfg = Debug-arthur|Win32
		{91AA5592-24B2-4C30-A15C-9ECABB743DF6}.Debug-arthur|Win32.Build.0 = Debug-arthur|Win32
		{91AA5592-24B2-4C30-A15C-9ECABB743DF6}.Debug-cairo|Win32.ActiveCfg = Debug-cairo|Win32
		{91AA5592-24B2-4C30-A15C-9ECABB743DF6}.Debug-cairo|Win32.Build.0 = Debug-cairo|Win32
		{91AA5592-24B2-4C30-A15C-9ECABB743DF6}.Release-arthur|Win32.ActiveCfg = Release-arthur|Win32
		{91AA5592-24B2-4C30-A15C-9ECABB743DF6}.Release-arthur|Win32.Build.0 = Release-arthur|Win32
		{91AA5592-24B2-4C30-A15C-9ECABB743DF6}.Release-cairo|Win32.ActiveCfg = Release-cairo|Win32
		{91AA5592-24B2-4C30-A15C-9ECABB743DF6}.Release-cairo|Win32.Build.0 = Release-cairo|Win32
		{F54F5827-D95E-4CCE-856B-394C16BB7C83}.Debug-arthur|Win32.ActiveCfg = Debug-arthur|Win32
		{F54F5827-D95E-4CCE-856B-394C16BB7C83}.Debug-arthur|Win32.Build.0 = Debug-arthur|Win32
		{F54F5827-D95E-4CCE-856B-394C16BB7C83}.Debug-cairo|Win32.ActiveCfg = Debug-cairo|Win32
		{F54F5827-D95E-4CCE-856B-394C16BB7C83}.Debug-cairo|Win32.Build.0 = Debug-cairo|Win32
		{F54F5827-D95E-4CCE-856B-394C16BB7C83}.Release-arthur|Win32.ActiveCfg = Release-arthur|Win32
		{F54F5827-D95E-4CCE-856B-394C16BB7C83}.Release-arthur|Win32.Build.0 = Release-arthur|Win32
		{F54F5827-D95E-4CCE-856B-394C16BB7C83}.Release-cairo|Win32.ActiveCfg = Release-cairo|Win32
		{F54F5827-D95E-4CCE-856B-394C16BB7C83}.Release-cairo|Win32.Build.0 = Release-cairo|Win32
		{A1C9766A-07E2-4105-A5D9-3AA74B2A220F}.Debug-arthur|Win32.ActiveCfg = Debug-arthur|Win32
		{A1C9766A-07E2-4105-A5D9-3AA74B2A220F}.Debug-arthur|Win32.Build.0 = Debug-arthur|Win32
		{A1C9766A-07E2-4105-A5D9-3AA74B2A220F}.Debug-cairo|Win32.ActiveCfg = Debug-cairo|Win32
		{A1C9766A-07E2-4105-A5D9-3AA74B2A220F}.Debug-cairo|Win32.Build.0 = Debug-cairo|Win32
		{A1C9766A-07E2-4105-A5D9-3AA74B2A220F}.Release-arthur|Win32.ActiveCfg = Release-arthur|Win32
		{A1C9766A-07E2-4105-A5D9-3AA74B2A220F}.Release-arthur|Win32.Build.0 = Release-arthur|Win32
		{A1C9766A-07E2-4105-A5D9-3AA74B2A220F}.Release-cairo|Win32.ActiveCfg = Release-cairo|Win32
		{A1C9766A-07E2-4105-A5D9-3AA74B2A220F}.Release-cairo|Win32.Build.0 = Release-cairo|Win32
		{F1A831E1-7401-4B59-ACC8-B263549F91B9}.Debug-arthur|Win32.ActiveCfg = Debug-arthur|Win32
		{F1A831E1-7401-4B59-ACC8-B263549F91B9}.Debug-arthur|Win32.Build.0 = Debug-arthur|Win32
		{F1A831E1-7401-4B59-ACC8-B263549F91B9}.Debug-cairo|Win32.ActiveCfg = Debug-cairo|Win32
		{F1A831E1-7401-4B59-ACC8-B263549F91B9}.Debug-cairo|Win32.Build.0 = Debug-cairo|Win32
		{F1A831E1-7401-4B59-ACC8-B263549F91B9}.Release-arthur|Win32.ActiveCfg = Release-arthur|Win32
		{F1A831E1-7401-4B59-ACC8-B263549F91B9}.Release-arthur|Win32.Build.0 = Release-arthur|Win32
		{F1A831E1-7401-4B59-ACC8-B263549F91B9}.Release-cairo|Win32.ActiveCfg = Release-cairo|Win32
		{F1A831E1-7401-4B59-ACC8-B263549F91B9}.Release-cairo|Win32.Build.0 = Release-cairo|Win32
		{97BDE35F-A881-49BE-ADB4-218998087BF9}.Debug-arthur|Win32.ActiveCfg = Debug-arthur|Win32
		{97BDE35F-A881-49BE-ADB4-218998087BF9}.Debug-arthur|Win32.Build.0 = Debug-arthur|Win32
		{97BDE35F-A881-49BE-ADB4-218998087BF9}.Debug-cairo|Win32.ActiveCfg = Debug-cairo|Win32
		{97BDE35F-A881-49BE-ADB4-218998087BF9}.Debug-cairo|Win32.Build.0 = Debug-cairo|Win32
		{97BDE35F-A881-49BE-ADB4-218998087BF9}.Release-arthur|Win32.ActiveCfg = Release-arthur|Win32
		{97BDE35F-A881-49BE-ADB4-218998087BF9}.Release-arthur|Win32.Build.0 = Release-arthur|Win32
		{97BDE35F-A881-49BE-ADB4-218998087BF9}.Release-cairo|Win32.ActiveCfg = Release-cairo|Win32
		{97BDE35F-A881-49BE-ADB4-218998087BF9}.Release-cairo|Win32.Build.0 = Release-cairo|Win32
		{EF2A0A6E-589C-4D37-9C1E-1FC02B63C044}.Debug-arthur|Win32.ActiveCfg = Debug-arthur|Win32
		{EF2A0A6E-589C-4D37-9C1E-1FC02B63C044}.Debug-arthur|Win32.Build.0 = Debug-arthur|Win32
		{EF2A0A6E-589C-4D37-9C1E-1FC02B63C044}.Debug-cairo|Win32.ActiveCfg = Debug-cairo|Win32
		{EF2A0A6E-589C-4D37-9C1E-1FC02B63C044}.Debug-cairo|Win32.Build.0 = Debug-cairo|Win32
		{EF2A0A6E-589C-4D37-9C1E-1FC02B63C044}.Release-arthur|Win32.ActiveCfg = Release-arthur|Win32
		{EF2A0A6E-589C-4D37-9C1E-1FC02B63C044}.Release-arthur|Win32.Build.0 = Release-arthur|Win32
		{EF2A0A6E-589C-4D37-9C1E-1FC02B63C044}.Release-cairo|Win32.ActiveCfg = Release-cairo|Win32
		{EF2A0A6E-589C-4D37-9C1E-1FC02B63C044}.Release-cairo|Win32.Build.0 = Release-cairo|Win32
		{0287B924-5534-48C1-AD67-C4F5FE57F0FC}.Debug-arthur|Win32.ActiveCfg = Debug-arthur|Win32
		{0287B924-5534-48C1-AD67-C4F5FE57F0FC}.Debug-arthur|Win32.Build.0 = Debug-arthur|Win32
		{0287B924-5534-48C1-AD67-C4F5FE57F0FC}.Debug-cairo|Win32.ActiveCfg = Debug-cairo|Win32
		{0287B924-5534-48C1-AD67-C4F5FE57F0FC}.Debug-cairo|Win32.Build.0 = Debug-cairo|Win32
		{0287B924-5534-48C1-AD67-C4F5FE57F0FC}.Release-arthur|Win32.ActiveCfg = Release-arthur|Win32
		{0287B924-5534-48C1-AD67-C4F5FE57F0FC}.Release-arthur|Win32.Build.0 = Release-arthur|Win32
		{0287B924-5534-48C1-AD67-C4F5FE57F0FC}.Release-cairo|Win32.ActiveCfg = Release-cairo|Win32
		{0287B924-5534-48C1-AD67-C4F5FE57F0FC}.Release-cairo|Win32.Build.0 = Release-cairo|Win32
		{CF841DED-379A-4287-A797-01C36CC26524}.Debug-arthur|Win32.ActiveCfg = Debug-arthur|Win32
		{CF841DED-379A-4287-A797-01C36CC26524}.Debug-arthur|Win32.Build.0 = Debug-arthur|Win32
		{CF841DED-379A-4287-A797-01C36CC26524}.Debug-cairo|Win32.ActiveCfg = Debug-cairo|Win32
		{CF841DED-379A-4287-A797-01C36CC26524}.Debug-cairo|Win32.Build.0 = Debug-cairo|Win32
		{CF841DED-379A-4287-A797-01C36CC26524}.Release-arthur|Win32.ActiveCfg = Release-arthur|Win32
		{CF841DED-379A-4287-A797-01C36CC26524}.Release-arthur|Win32.Build.0 = Release-arthur|Win32
		{CF841DED-379A-4287-A797-01C36CC26524}.Release-cairo|Win32.ActiveCfg = Release-cairo|Win32
		{CF841DED-379A-4287-A797-01C36CC26524}.Release-cairo|Win32.Build.0 = Release-cairo|Win32
		{B9131D43-8E1B-4660-A5C1-B58F9D8BDCF7}.Debug-arthur|Win32.ActiveCfg = Debug-arthur|Win32
		{B9131D43-8E1B-4660-A5C1-B58F9D8BDCF7}.Debug-arthur|Win32.Build.0 = Debug-arthur|Win32
		{B9131D43-8E1B-4660-A5C1-B58F9D8BDCF7}.Debug-cairo|Win32.ActiveCfg = Debug-cairo|Win32
		{B9131D43-8E1B-4660-A5C1-B58F9D8BDCF7}.Debug-cairo|Win32.Build.0 = Debug-cairo|Win32
		{B9131D43-8E1B-4660-A5C1-B58F9D8BDCF7}.Release-arthur|Win32.ActiveCfg = Release-arthur|Win32
		{B9131D43-8E1B-4660-A5C1-B58F9D8BDCF7}.Release-arthur|Win32.Build.0 = Release-arthur|Win32
		{B9131D43-8E1B-4660-A5C1-B58F9D8BDCF7}.Release-cairo|Win32.ActiveCfg = Release-cairo|Win32
		{B9131D43-8E1B-4660-A5C1-B58F9D8BDCF7}.Release-cairo|Win32.Build.0 = Release-cairo|Win32
		{461FE9D7-4889-4BA6-8DC3-D134F3B96949}.Debug-arthur|Win32.ActiveCfg = Debug-arthur|Win32
		{461FE9D7-4889-4BA6-8DC3-D134F3B96949}.Debug-arthur|Win32.Build.0 = Debug-arthur|Win32
		{461FE9D7-4889-4BA6-8DC3-D134F3B96949}.Debug-cairo|Win32.ActiveCfg = Debug-cairo|Win32
		{461FE9D7-4889-4BA6-8DC3-D134F3B96949}.Debug-cairo|Win32.Build.0 = Debug-cairo|Win32
		{461FE9D7-4889-4BA6-8DC3-D134F3B96949}.Release-arthur|Win32.ActiveCfg = Release-arthur|Win32
		{461FE9D7-4889-4BA6-8DC3-D134F3B96949}.Release-arthur|Win32.Build.0 = Release-arthur|Win32
		{461FE9D7-4889-4BA6-8DC3-D134F3B96949}.Release-cairo|Win32.ActiveCfg = Release-cairo|Win32
		{461FE9D7-4889-4BA6-8DC3-D134F3B96949}.Release-cairo|Win32.Build.0 = Release-cairo|Win32
		{1BBA70B3-12AF-463C-A8E4-E613E4999491}.Debug-arthur|Win32.ActiveCfg = Debug-arthur|Win32
		{1BBA70B3-12AF-463C-A8E4-E613E4999491}.Debug-arthur|Win32.Build.0 = Debug-arthur|Win32
		{1BBA70B3-12AF-463C-A8E4-E613E4999491}.Debug-cairo|Win32.ActiveCfg = Debug-cairo|Win32
		{1BBA70B3-12AF-463C-A8E4-E613E4999491}.Debug-cairo|Win32.Build.0 = Debug-cairo|Win32
		{1BBA70B3-12AF-463C-A8E4-E613E4999491}.Release-arthur|Win32.ActiveCfg = Release-arthur|Win32
		{1BBA70B3-12AF-463C-A8E4-E613E4999491}.Release-arthur|Win32.Build.0 = Release-arthur|Win32
		{1BBA70B3-12AF-463C-A8E4-E613E4999491}.Release-cairo|Win32.ActiveCfg = Release-Cairo|Win32
		{1BBA70B3-12AF-463C-A8E4-E613E4999491}.Release-cairo|Win32.Build.0 = Release-Cairo|Win32
		{CCA6B7D5-9CC5-4FD0-B64C-A70ECF953DB1}.Debug-arthur|Win32.ActiveCfg = Debug-arthur|Win32
		{CCA6B7D5-9CC5-4FD0-B64C-A70ECF953DB1}.Debug-arthur|Win32.Build.0 = Debug-arthur|Win32
		{CCA6B7D5-9CC5-4FD0-B64C-A70ECF953DB1}.Debug-cairo|Win32.ActiveCfg = Debug-cairo|Win32
		{CCA6B7D5-9CC5-4FD0-B64C-A70ECF953DB1}.Debug-cairo|Win32.Build.0 = Debug-cairo|Win32
		{CCA6B7D5-9CC5-4FD0-B64C-A70ECF953DB1}.Release-arthur|Win32.ActiveCfg = Release-arthur|Win32
		{CCA6B7D5-9CC5-4FD0-B64C-A70ECF953DB1}.Release-arthur|Win32.Build.0 = Release-arthur|Win32
		{CCA6B7D5-9CC5-4FD0-B64C-A70ECF953DB1}.Release-cairo|Win32.ActiveCfg = Release-cairo|Win32
		{CCA6B7D5-9CC5-4FD0-B64C-A70ECF953DB1}.Release-cairo|Win32.Build.0 = Release-cairo|Win32
		{A00C1154-21EF-4844-9A6A-CA04CD6CB3D7}.Debug-arthur|Win32.ActiveCfg = Debug-arthur|Win32
		{A00C1154-21EF-4844-9A6A-CA04CD6CB3D7}.Debug-arthur|Win32.Build.0 = Debug-arthur|Win32
		{A00C1154-21EF-4844-9A6A-CA04CD6CB3D7}.Debug-cairo|Win32.ActiveCfg = Debug-cairo|Win32
		{A00C1154-21EF-4844-9A6A-CA04CD6CB3D7}.Debug-cairo|Win32.Build.0 = Debug-cairo|Win32
		{A00C1154-21EF-4844-9A6A-CA04CD6CB3D7}.Release-arthur|Win32.ActiveCfg = Release-arthur|Win32
		{A00C1154-21EF-4844-9A6A-CA04CD6CB3D7}.Release-arthur|Win32.Build.0 = Release-arthur|Win32
		{A00C1154-21EF-4844-9A6A-CA04CD6CB3D7}.Release-cairo|Win32.ActiveCfg = Release-Cairo|Win32
		{A00C1154-21EF-4844-9A6A-CA04CD6CB3D7}.Release-cairo|Win32.Build.0 = Release-Cairo|Win32
		{3D406CF3-7B96-4C50-AE65-4B13F3B1FB3E}.Debug-arthur|Win32.ActiveCfg = Debug-arthur|Win32
		{3D406CF3-7B96-4C50-AE65-4B13F3B1FB3E}.Debug-arthur|Win32.Build.0 = Debug-arthur|Win32
		{3D406CF3-7B96-4C50-AE65-4B13F3B1FB3E}.Debug-cairo|Win32.ActiveCfg = Debug-cairo|Win32
		{3D406CF3-7B96-4C50-AE65-4B13F3B1FB3E}.Debug-cairo|Win32.Build.0 = Debug-cairo|Win32
		{3D406CF3-7B96-4C50-AE65-4B13F3B1FB3E}.Release-arthur|Win32.ActiveCfg = Release-arthur|Win32
		{3D406CF3-7B96-4C50-AE65-4B13F3B1FB3E}.Release-arthur|Win32.Build.0 = Release-arthur|Win32
		{3D406CF3-7B96-4C50-AE65-4B13F3B1FB3E}.Release-cairo|Win32.ActiveCfg = Release-cairo|Win32
		{3D406CF3-7B96-4C50-AE65-4B13F3B1FB3E}.Release-cairo|Win32.Build.0 = Release-cairo|Win32
		{2DA58BEA-E0FF-4563-9D0C-1C9F00E66829}.Debug-arthur|Win32.ActiveCfg = Debug-arthur|Win32
		{2DA58BEA-E0FF-4563-9D0C-1C9F00E66829}.Debug-arthur|Win32.Build.0 = Debug-arthur|Win32
		{2DA58BEA-E0FF-4563-9D0C-1C9F00E66829}.Debug-cairo|Win32.ActiveCfg = Debug-cairo|Win32
		{2DA58BEA-E0FF-4563-9D0C-1C9F00E66829}.Debug-cairo|Win32.Build.0 = Debug-cairo|Win32
		{2DA58BEA-E0FF-4563-9D0C-1C9F00E66829}.Release-arthur|Win32.ActiveCfg = Release-arthur|Win32
		{2DA58BEA-E0FF-4563-9D0C-1C9F00E66829}.Release-arthur|Win32.Build.0 = Release-arthur|Win32
		{2DA58BEA-E0FF-4563-9D0C-1C9F00E66829}.Release-cairo|Win32.ActiveCfg = Release-cairo|Win32
		{2DA58BEA-E0FF-4563-9D0C-1C9F00E66829}.Release-cairo|Win32.Build.0 = Release-cairo|Win32
		{EF91BE42-1E12-48D4-B173-BA55544E915A}.Debug-arthur|Win32.ActiveCfg = Debug-arthur|Win32
		{EF91BE42-1E12-48D4-B173-BA55544E915A}.Debug-arthur|Win32.Build.0 = Debug-arthur|Win32
		{EF91BE42-1E12-48D4-B173-BA55544E915A}.Debug-cairo|Win32.ActiveCfg = Debug-cairo|Win32
		{EF91BE42-1E12-48D4-B173-BA55544E915A}.Debug-cairo|Win32.Build.0 = Debug-cairo|Win32
		{EF91BE42-1E12-48D4-B173-BA55544E915A}.Release-arthur|Win32.ActiveCfg = Release-arthur|Win32
		{EF91BE42-1E12-48D4-B173-BA55544E915A}.Release-arthur|Win32.Build.0 = Release-arthur|Win32
		{EF91BE42-1E12-48D4-B173-BA55544E915A}.Release-cairo|Win32.ActiveCfg = Release-Cairo|Win32
		{EF91BE42-1E12-48D4-B173-BA55544E915A}.Release-cairo|Win32.Build.0 = Release-Cairo|Win32
		{0DB9ED07-1DF0-404C-AA80-5301090CD892}.Debug-arthur|Win32.ActiveCfg = Debug-arthur|Win32
		{0DB9ED07-1DF0-404C-AA80-5301090CD892}.Debug-arthur|Win32.Build.0 = Debug-arthur|Win32
		{0DB9ED07-1DF0-404C-AA80-5301090CD892}.Debug-cairo|Win32.ActiveCfg = Debug-cairo|Win32
		{0DB9ED07-1DF0-404C-AA80-5301090CD892}.Debug-cairo|Win32.Build.0 = Debug-cairo|Win32
		{0DB9ED07-1DF0-404C-AA80-5301090CD892}.Release-arthur|Win32.ActiveCfg = Release-arthur|Win32
		{0DB9ED07-1DF0-404C-AA80-5301090CD892}.Release-arthur|Win32.Build.0 = Release-arthur|Win32
		{0DB9ED07-1DF0-404C-AA80-5301090CD892}.Release-cairo|Win32.ActiveCfg = Release-cairo|Win32
		{0DB9ED07-1DF0-404C-AA80-5301090CD892}.Release-cairo|Win32.Build.0 = Release-cairo|Win32
		{B76382D2-D406-498D-AA17-16F6709033A4}.Debug-arthur|Win32.ActiveCfg = Debug-arthur|Win32
		{B76382D2-D406-498D-AA17-16F6709033A4}.Debug-arthur|Win32.Build.0 = Debug-arthur|Win32
		{B76382D2-D406-498D-AA17-16F6709033A4}.Debug-cairo|Win32.ActiveCfg = Debug-cairo|Win32
		{B76382D2-D406-498D-AA17-16F6709033A4}.Debug-cairo|Win32.Build.0 = Debug-cairo|Win32
		{B76382D2-D406-498D-AA17-16F6709033A4}.Release-arthur|Win32.ActiveCfg = Release-arthur|Win32
		{B76382D2-D406-498D-AA17-16F6709033A4}.Release-arthur|Win32.Build.0 = Release-arthur|Win32
		{B76382D2-D406-498D-AA17-16F6709033A4}.Release-cairo|Win32.ActiveCfg = Release-cairo|Win32
		{B76382D2-D406-498D-AA17-16F6709033A4}.Release-cairo|Win32.Build.0 = Release-cairo|Win32
		{1A1453ED-BD0A-4B5C-B58D-F3BE748AD549}.Debug-arthur|Win32.ActiveCfg = Debug-arthur|Win32
		{1A1453ED-BD0A-4B5C-B58D-F3BE748AD549}.Debug-arthur|Win32.Build.0 = Debug-arthur|Win32
		{1A1453ED-BD0A-4B5C-B58D-F3BE748AD549}.Debug-cairo|Win32.ActiveCfg = Debug-cairo|Win32
		{1A1453ED-BD0A-4B5C-B58D-F3BE748AD549}.Debug-cairo|Win32.Build.0 = Debug-cairo|Win32
		{1A1453ED-BD0A-4B5C-B58D-F3BE748AD549}.Release-arthur|Win32.ActiveCfg = Release-arthur|Win32
		{1A1453ED-BD0A-4B5C-B58D-F3BE748AD549}.Release-arthur|Win32.Build.0 = Release-arthur|Win32
		{1A1453ED-BD0A-4B5C-B58D-F3BE748AD549}.Release-cairo|Win32.ActiveCfg = Release-cairo|Win32
		{1A1453ED-BD0A-4B5C-B58D-F3BE748AD549}.Release-cairo|Win32.Build.0 = Release-cairo|Win32
		{6AC5EDDC-2540-47E0-873E-FE40FB06FBFD}.Debug-arthur|Win32.ActiveCfg = Debug-arthur|Win32
		{6AC5EDDC-2540-47E0-873E-FE40FB06FBFD}.Debug-arthur|Win32.Build.0 = Debug-arthur|Win32
		{6AC5EDDC-2540-47E0-873E-FE40FB06FBFD}.Debug-cairo|Win32.ActiveCfg = Debug-cairo|Win32
		{6AC5EDDC-2540-47E0-873E-FE40FB06FBFD}.Debug-cairo|Win32.Build.0 = Debug-cairo|Win32
		{6AC5EDDC-2540-47E0-873E-FE40FB06FBFD}.Release-arthur|Win32.ActiveCfg = Release-arthur|Win32
		{6AC5EDDC-2540-47E0-873E-FE40FB06FBFD}.Release-arthur|Win32.Build.0 = Release-arthur|Win32
		{6AC5EDDC-2540-47E0-873E-FE40FB06FBFD}.Release-cairo|Win32.ActiveCfg = Release-cairo|Win32
		{6AC5EDDC-2540-47E0-873E-FE40FB06FBFD}.Release-cairo|Win32.Build.0 = Release-cairo|Win32
		{CAF6D555-0E2E-4ABB-9585-00860B8B183E}.Debug-arthur|Win32.ActiveCfg = Debug-arthur|Win32
		{CAF6D555-0E2E-4ABB-9585-00860B8B183E}.Debug-arthur|Win32.Build.0 = Debug-arthur|Win32
		{CAF6D555-0E2E-4ABB-9585-00860B8B183E}.Debug-cairo|Win32.ActiveCfg = Debug-cairo|Win32
		{CAF6D555-0E2E-4ABB-9585-00860B8B183E}.Debug-cairo|Win32.Build.0 = Debug-cairo|Win32
		{CAF6D555-0E2E-4ABB-9585-00860B8B183E}.Release-arthur|Win32.ActiveCfg = Release-arthur|Win32
		{CAF6D555-0E2E-4ABB-9585-00860B8B183E}.Release-arthur|Win32.Build.0 = Release-arthur|Win32
		{CAF6D555-0E2E-4ABB-9585-00860B8B183E}.Release-cairo|Win32.ActiveCfg = Release-cairo|Win32
		{CAF6D555-0E2E-4ABB-9585-00860B8B183E}.Release-cairo|Win32.Build.0 = Release-cairo|Win32
		{2B610023-D3A6-4EC3-B7D5-868ED3B9321E}.Debug-arthur|Win32.ActiveCfg = Debug-arthur|Win32
		{2B610023-D3A6-4EC3-B7D5-868ED3B9321E}.Debug-arthur|Win32.Build.0 = Debug-arthur|Win32
		{2B610023-D3A6-4EC3-B7D5-868ED3B9321E}.Debug-cairo|Win32.ActiveCfg = Debug-cairo|Win32
		{2B610023-D3A6-4EC3-B7D5-868ED3B9321E}.Debug-cairo|Win32.Build.0 = Debug-cairo|Win32
		{2B610023-D3A6-4EC3-B7D5-868ED3B9321E}.Release-arthur|Win32.ActiveCfg = Release-arthur|Win32
		{2B610023-D3A6-4EC3-B7D5-868ED3B9321E}.Release-arthur|Win32.Build.0 = Release-arthur|Win32
		{2B610023-D3A6-4EC3-B7D5-868ED3B9321E}.Release-cairo|Win32.ActiveCfg = Release-cairo|Win32
		{2B610023-D3A6-4EC3-B7D5-868ED3B9321E}.Release-cairo|Win32.Build.0 = Release-cairo|Win32
		{EDE59DB3-794A-4E3F-942A-98189DF6DCE2}.Debug-arthur|Win32.ActiveCfg = Debug-arthur|Win32
		{EDE59DB3-794A-4E3F-942A-98189DF6DCE2}.Debug-arthur|Win32.Build.0 = Debug-arthur|Win32
		{EDE59DB3-794A-4E3F-942A-98189DF6DCE2}.Debug-cairo|Win32.ActiveCfg = Debug-cairo|Win32
		{EDE59DB3-794A-4E3F-942A-98189DF6DCE2}.Debug-cairo|Win32.Build.0 = Debug-cairo|Win32
		{EDE59DB3-794A-4E3F-942A-98189DF6DCE2}.Release-arthur|Win32.ActiveCfg = Release-arthur|Win32
		{EDE59DB3-794A-4E3F-942A-98189DF6DCE2}.Release-arthur|Win32.Build.0 = Release-arthur|Win32
		{EDE59DB3-794A-4E3F-942A-98189DF6DCE2}.Release-cairo|Win32.ActiveCfg = Release-cairo|Win32
		{EDE59DB3-794A-4E3F-942A-98189DF6DCE2}.Release-cairo|Win32.Build.0 = Release-cairo|Win32
	EndGlobalSection
	GlobalSection(SolutionProperties) = preSolution
		HideSolutionNode = FALSE
	EndGlobalSection
EndGlobal
