Microsoft Visual Studio Solution File, Format Version 7.00
Project("{8BC9CEB8-8B4A-11D0-8D11-00A0C91BC942}") = "Scribus 1.3.3.x real cvs", "Scribus-1.3.x.vcproj", "{B17FCD80-7978-4544-93C4-2FE1AC6FE9F3}"
EndProject
Project("{8BC9CEB8-8B4A-11D0-8D11-00A0C91BC942}") = "svgexport-1.3.x", "svgexport\svgexport-1.3.x.vcproj", "{9652EA11-AFA0-4CDF-88AC-7912C653EFE6}"
EndProject
Project("{8BC9CEB8-8B4A-11D0-8D11-00A0C91BC942}") = "svgimport-1.3.x", "svgimport\svgimport-1.3.x.vcproj", "{94FC2DA4-7881-47FB-8625-71ECCAB1375D}"
EndProject
Project("{8BC9CEB8-8B4A-11D0-8D11-00A0C91BC942}") = "colorwheel-1.3.x", "colorwheel\colorwheel-1.3.x.vcproj", "{778564AE-EF11-4E88-A1D6-31AC8B10257F}"
EndProject
Project("{8BC9CEB8-8B4A-11D0-8D11-00A0C91BC942}") = "fontpreview-1.3.x", "fontpreview\fontpreview-1.3.x.vcproj", "{C8FA9789-CA9A-4256-B4BB-C4ED97CBADEF}"
EndProject
Project("{8BC9CEB8-8B4A-11D0-8D11-00A0C91BC942}") = "newfromtemplate-1.3.x", "newfromtemplate\newfromtemplate-1.3.x.vcproj", "{279BFBB5-0E6B-4B2A-80DC-5E6BF7ED5698}"
EndProject
Project("{8BC9CEB8-8B4A-11D0-8D11-00A0C91BC942}") = "pixmapexport-1.3.x", "pixmapexport\pixmapexport-1.3.x.vcproj", "{BCDD9765-B310-44EB-890A-1704A1D18619}"
EndProject
Project("{8BC9CEB8-8B4A-11D0-8D11-00A0C91BC942}") = "psimport-1.3.x", "psimport\psimport-1.3.x.vcproj", "{6E8FF91A-DD16-4FAB-ACA5-8243453613F3}"
EndProject
Project("{8BC9CEB8-8B4A-11D0-8D11-00A0C91BC942}") = "saveastemplate-1.3.x", "saveastemplate\saveastemplate-1.3.x.vcproj", "{F8CF727B-EF70-43DD-97F3-EDE68E0942D4}"
EndProject
Project("{8BC9CEB8-8B4A-11D0-8D11-00A0C91BC942}") = "oodrawimport-1.3.x", "oodrawimport\oodrawimport-1.3.x.vcproj", "{5AC499E4-BABA-419B-83B3-50D3C54059B8}"
EndProject
Project("{8BC9CEB8-8B4A-11D0-8D11-00A0C91BC942}") = "gettext-csvim-1.3.x", "gettext-csvim\gettext-csvim-1.3.x.vcproj", "{CEB375A0-BC15-4BCE-91C8-003701C02304}"
EndProject
Project("{8BC9CEB8-8B4A-11D0-8D11-00A0C91BC942}") = "gettext-htmlim-1.3.x", "gettext-htmlim\gettext-htmlim-1.3.x.vcproj", "{AD793860-316D-46C9-A355-0888D003FFB0}"
EndProject
Project("{8BC9CEB8-8B4A-11D0-8D11-00A0C91BC942}") = "gettext-odtim-1.3.x", "gettext-odtim\gettext-odtim-1.3.x.vcproj", "{181977C6-17C1-4ADB-B16A-5C6A9CD95427}"
EndProject
Project("{8BC9CEB8-8B4A-11D0-8D11-00A0C91BC942}") = "gettext-sxwim-1.3.x", "gettext-sxwim\gettext-sxwim-1.3.x.vcproj", "{743095DE-B828-40AF-92F7-96FB751E0AF2}"
EndProject
Project("{8BC9CEB8-8B4A-11D0-8D11-00A0C91BC942}") = "gettext-textfilter-1.3.x", "gettext-textfilter\gettext-textfilter-1.3.x.vcproj", "{3CF57996-98BE-4C6A-85D6-91A85107D52A}"
EndProject
Project("{8BC9CEB8-8B4A-11D0-8D11-00A0C91BC942}") = "gettext-txtim-1.3.x", "gettext-txtim\gettext-txtim-1.3.x.vcproj", "{91AA5592-24B2-4C30-A15C-9ECABB743DF6}"
EndProject
Project("{8BC9CEB8-8B4A-11D0-8D11-00A0C91BC942}") = "shortwords-1.3.x", "shortwords\shortwords-1.3.x.vcproj", "{F54F5827-D95E-4CCE-856B-394C16BB7C83}"
EndProject
Project("{8BC9CEB8-8B4A-11D0-8D11-00A0C91BC942}") = "scriptplugin-1.3.x", "scriptplugin\scriptplugin-1.3.x.vcproj", "{A1C9766A-07E2-4105-A5D9-3AA74B2A220F}"
EndProject
Project("{8BC9CEB8-8B4A-11D0-8D11-00A0C91BC942}") = "oldscribusformat-1.3.x", "oldscribusformat\oldscribusformat-1.3.x.vcproj", "{E0DE534A-4A2B-4391-8F34-F35016E3F884}"
EndProject
Project("{8BC9CEB8-8B4A-11D0-8D11-00A0C91BC942}") = "barcodegenerator-1.3.x", "barcodegenerator\barcodegenerator-1.3.x.vcproj", "{F1A831E1-7401-4B59-ACC8-B263549F91B9}"
EndProject
Project("{8BC9CEB8-8B4A-11D0-8D11-00A0C91BC942}") = "gettext-pdbim-1.3.x", "gettext-pdbim\gettext-pdbim.vcproj", "{97BDE35F-A881-49BE-ADB4-218998087BF9}"
EndProject
Project("{8BC9CEB8-8B4A-11D0-8D11-00A0C91BC942}") = "gettext-docim-1.3.x", "gettext-docim\gettext-docim.vcproj", "{EF2A0A6E-589C-4D37-9C1E-1FC02B63C044}"
EndProject
Global
	GlobalSection(SolutionConfiguration) = preSolution
		ConfigName.0 = Debug
		ConfigName.1 = Release
	EndGlobalSection
	GlobalSection(ProjectDependencies) = postSolution
		{9652EA11-AFA0-4CDF-88AC-7912C653EFE6}.0 = {B17FCD80-7978-4544-93C4-2FE1AC6FE9F3}
		{94FC2DA4-7881-47FB-8625-71ECCAB1375D}.0 = {B17FCD80-7978-4544-93C4-2FE1AC6FE9F3}
		{778564AE-EF11-4E88-A1D6-31AC8B10257F}.0 = {B17FCD80-7978-4544-93C4-2FE1AC6FE9F3}
		{C8FA9789-CA9A-4256-B4BB-C4ED97CBADEF}.0 = {B17FCD80-7978-4544-93C4-2FE1AC6FE9F3}
		{279BFBB5-0E6B-4B2A-80DC-5E6BF7ED5698}.0 = {B17FCD80-7978-4544-93C4-2FE1AC6FE9F3}
		{BCDD9765-B310-44EB-890A-1704A1D18619}.0 = {B17FCD80-7978-4544-93C4-2FE1AC6FE9F3}
		{6E8FF91A-DD16-4FAB-ACA5-8243453613F3}.0 = {B17FCD80-7978-4544-93C4-2FE1AC6FE9F3}
		{F8CF727B-EF70-43DD-97F3-EDE68E0942D4}.0 = {B17FCD80-7978-4544-93C4-2FE1AC6FE9F3}
		{5AC499E4-BABA-419B-83B3-50D3C54059B8}.0 = {B17FCD80-7978-4544-93C4-2FE1AC6FE9F3}
		{CEB375A0-BC15-4BCE-91C8-003701C02304}.0 = {B17FCD80-7978-4544-93C4-2FE1AC6FE9F3}
		{AD793860-316D-46C9-A355-0888D003FFB0}.0 = {B17FCD80-7978-4544-93C4-2FE1AC6FE9F3}
		{181977C6-17C1-4ADB-B16A-5C6A9CD95427}.0 = {B17FCD80-7978-4544-93C4-2FE1AC6FE9F3}
		{743095DE-B828-40AF-92F7-96FB751E0AF2}.0 = {B17FCD80-7978-4544-93C4-2FE1AC6FE9F3}
		{3CF57996-98BE-4C6A-85D6-91A85107D52A}.0 = {B17FCD80-7978-4544-93C4-2FE1AC6FE9F3}
		{91AA5592-24B2-4C30-A15C-9ECABB743DF6}.0 = {B17FCD80-7978-4544-93C4-2FE1AC6FE9F3}
		{F54F5827-D95E-4CCE-856B-394C16BB7C83}.0 = {B17FCD80-7978-4544-93C4-2FE1AC6FE9F3}
		{A1C9766A-07E2-4105-A5D9-3AA74B2A220F}.0 = {B17FCD80-7978-4544-93C4-2FE1AC6FE9F3}
		{E0DE534A-4A2B-4391-8F34-F35016E3F884}.0 = {B17FCD80-7978-4544-93C4-2FE1AC6FE9F3}
		{F1A831E1-7401-4B59-ACC8-B263549F91B9}.0 = {B17FCD80-7978-4544-93C4-2FE1AC6FE9F3}
		{97BDE35F-A881-49BE-ADB4-218998087BF9}.0 = {B17FCD80-7978-4544-93C4-2FE1AC6FE9F3}
		{EF2A0A6E-589C-4D37-9C1E-1FC02B63C044}.0 = {B17FCD80-7978-4544-93C4-2FE1AC6FE9F3}
	EndGlobalSection
	GlobalSection(ProjectConfiguration) = postSolution
		{B17FCD80-7978-4544-93C4-2FE1AC6FE9F3}.Debug.ActiveCfg = Debug|Win32
		{B17FCD80-7978-4544-93C4-2FE1AC6FE9F3}.Debug.Build.0 = Debug|Win32
		{B17FCD80-7978-4544-93C4-2FE1AC6FE9F3}.Release.ActiveCfg = Release|Win32
		{B17FCD80-7978-4544-93C4-2FE1AC6FE9F3}.Release.Build.0 = Release|Win32
		{9652EA11-AFA0-4CDF-88AC-7912C653EFE6}.Debug.ActiveCfg = Debug|Win32
		{9652EA11-AFA0-4CDF-88AC-7912C653EFE6}.Debug.Build.0 = Debug|Win32
		{9652EA11-AFA0-4CDF-88AC-7912C653EFE6}.Release.ActiveCfg = Release|Win32
		{9652EA11-AFA0-4CDF-88AC-7912C653EFE6}.Release.Build.0 = Release|Win32
		{94FC2DA4-7881-47FB-8625-71ECCAB1375D}.Debug.ActiveCfg = Debug|Win32
		{94FC2DA4-7881-47FB-8625-71ECCAB1375D}.Debug.Build.0 = Debug|Win32
		{94FC2DA4-7881-47FB-8625-71ECCAB1375D}.Release.ActiveCfg = Release|Win32
		{94FC2DA4-7881-47FB-8625-71ECCAB1375D}.Release.Build.0 = Release|Win32
		{778564AE-EF11-4E88-A1D6-31AC8B10257F}.Debug.ActiveCfg = Debug|Win32
		{778564AE-EF11-4E88-A1D6-31AC8B10257F}.Debug.Build.0 = Debug|Win32
		{778564AE-EF11-4E88-A1D6-31AC8B10257F}.Release.ActiveCfg = Release|Win32
		{778564AE-EF11-4E88-A1D6-31AC8B10257F}.Release.Build.0 = Release|Win32
		{C8FA9789-CA9A-4256-B4BB-C4ED97CBADEF}.Debug.ActiveCfg = Debug|Win32
		{C8FA9789-CA9A-4256-B4BB-C4ED97CBADEF}.Debug.Build.0 = Debug|Win32
		{C8FA9789-CA9A-4256-B4BB-C4ED97CBADEF}.Release.ActiveCfg = Release|Win32
		{C8FA9789-CA9A-4256-B4BB-C4ED97CBADEF}.Release.Build.0 = Release|Win32
		{279BFBB5-0E6B-4B2A-80DC-5E6BF7ED5698}.Debug.ActiveCfg = Debug|Win32
		{279BFBB5-0E6B-4B2A-80DC-5E6BF7ED5698}.Debug.Build.0 = Debug|Win32
		{279BFBB5-0E6B-4B2A-80DC-5E6BF7ED5698}.Release.ActiveCfg = Release|Win32
		{279BFBB5-0E6B-4B2A-80DC-5E6BF7ED5698}.Release.Build.0 = Release|Win32
		{BCDD9765-B310-44EB-890A-1704A1D18619}.Debug.ActiveCfg = Debug|Win32
		{BCDD9765-B310-44EB-890A-1704A1D18619}.Debug.Build.0 = Debug|Win32
		{BCDD9765-B310-44EB-890A-1704A1D18619}.Release.ActiveCfg = Release|Win32
		{BCDD9765-B310-44EB-890A-1704A1D18619}.Release.Build.0 = Release|Win32
		{6E8FF91A-DD16-4FAB-ACA5-8243453613F3}.Debug.ActiveCfg = Debug|Win32
		{6E8FF91A-DD16-4FAB-ACA5-8243453613F3}.Debug.Build.0 = Debug|Win32
		{6E8FF91A-DD16-4FAB-ACA5-8243453613F3}.Release.ActiveCfg = Release|Win32
		{6E8FF91A-DD16-4FAB-ACA5-8243453613F3}.Release.Build.0 = Release|Win32
		{F8CF727B-EF70-43DD-97F3-EDE68E0942D4}.Debug.ActiveCfg = Debug|Win32
		{F8CF727B-EF70-43DD-97F3-EDE68E0942D4}.Debug.Build.0 = Debug|Win32
		{F8CF727B-EF70-43DD-97F3-EDE68E0942D4}.Release.ActiveCfg = Release|Win32
		{F8CF727B-EF70-43DD-97F3-EDE68E0942D4}.Release.Build.0 = Release|Win32
		{5AC499E4-BABA-419B-83B3-50D3C54059B8}.Debug.ActiveCfg = Debug|Win32
		{5AC499E4-BABA-419B-83B3-50D3C54059B8}.Debug.Build.0 = Debug|Win32
		{5AC499E4-BABA-419B-83B3-50D3C54059B8}.Release.ActiveCfg = Release|Win32
		{5AC499E4-BABA-419B-83B3-50D3C54059B8}.Release.Build.0 = Release|Win32
		{CEB375A0-BC15-4BCE-91C8-003701C02304}.Debug.ActiveCfg = Debug|Win32
		{CEB375A0-BC15-4BCE-91C8-003701C02304}.Debug.Build.0 = Debug|Win32
		{CEB375A0-BC15-4BCE-91C8-003701C02304}.Release.ActiveCfg = Release|Win32
		{CEB375A0-BC15-4BCE-91C8-003701C02304}.Release.Build.0 = Release|Win32
		{AD793860-316D-46C9-A355-0888D003FFB0}.Debug.ActiveCfg = Debug|Win32
		{AD793860-316D-46C9-A355-0888D003FFB0}.Debug.Build.0 = Debug|Win32
		{AD793860-316D-46C9-A355-0888D003FFB0}.Release.ActiveCfg = Release|Win32
		{AD793860-316D-46C9-A355-0888D003FFB0}.Release.Build.0 = Release|Win32
		{181977C6-17C1-4ADB-B16A-5C6A9CD95427}.Debug.ActiveCfg = Debug|Win32
		{181977C6-17C1-4ADB-B16A-5C6A9CD95427}.Debug.Build.0 = Debug|Win32
		{181977C6-17C1-4ADB-B16A-5C6A9CD95427}.Release.ActiveCfg = Release|Win32
		{181977C6-17C1-4ADB-B16A-5C6A9CD95427}.Release.Build.0 = Release|Win32
		{743095DE-B828-40AF-92F7-96FB751E0AF2}.Debug.ActiveCfg = Debug|Win32
		{743095DE-B828-40AF-92F7-96FB751E0AF2}.Debug.Build.0 = Debug|Win32
		{743095DE-B828-40AF-92F7-96FB751E0AF2}.Release.ActiveCfg = Release|Win32
		{743095DE-B828-40AF-92F7-96FB751E0AF2}.Release.Build.0 = Release|Win32
		{3CF57996-98BE-4C6A-85D6-91A85107D52A}.Debug.ActiveCfg = Debug|Win32
		{3CF57996-98BE-4C6A-85D6-91A85107D52A}.Debug.Build.0 = Debug|Win32
		{3CF57996-98BE-4C6A-85D6-91A85107D52A}.Release.ActiveCfg = Release|Win32
		{3CF57996-98BE-4C6A-85D6-91A85107D52A}.Release.Build.0 = Release|Win32
		{91AA5592-24B2-4C30-A15C-9ECABB743DF6}.Debug.ActiveCfg = Debug|Win32
		{91AA5592-24B2-4C30-A15C-9ECABB743DF6}.Debug.Build.0 = Debug|Win32
		{91AA5592-24B2-4C30-A15C-9ECABB743DF6}.Release.ActiveCfg = Release|Win32
		{91AA5592-24B2-4C30-A15C-9ECABB743DF6}.Release.Build.0 = Release|Win32
		{F54F5827-D95E-4CCE-856B-394C16BB7C83}.Debug.ActiveCfg = Debug|Win32
		{F54F5827-D95E-4CCE-856B-394C16BB7C83}.Debug.Build.0 = Debug|Win32
		{F54F5827-D95E-4CCE-856B-394C16BB7C83}.Release.ActiveCfg = Release|Win32
		{F54F5827-D95E-4CCE-856B-394C16BB7C83}.Release.Build.0 = Release|Win32
		{A1C9766A-07E2-4105-A5D9-3AA74B2A220F}.Debug.ActiveCfg = Debug|Win32
		{A1C9766A-07E2-4105-A5D9-3AA74B2A220F}.Debug.Build.0 = Debug|Win32
		{A1C9766A-07E2-4105-A5D9-3AA74B2A220F}.Release.ActiveCfg = Release|Win32
		{A1C9766A-07E2-4105-A5D9-3AA74B2A220F}.Release.Build.0 = Release|Win32
		{E0DE534A-4A2B-4391-8F34-F35016E3F884}.Debug.ActiveCfg = Debug|Win32
		{E0DE534A-4A2B-4391-8F34-F35016E3F884}.Debug.Build.0 = Debug|Win32
		{E0DE534A-4A2B-4391-8F34-F35016E3F884}.Release.ActiveCfg = Release|Win32
		{E0DE534A-4A2B-4391-8F34-F35016E3F884}.Release.Build.0 = Release|Win32
		{F1A831E1-7401-4B59-ACC8-B263549F91B9}.Debug.ActiveCfg = Debug|Win32
		{F1A831E1-7401-4B59-ACC8-B263549F91B9}.Debug.Build.0 = Debug|Win32
		{F1A831E1-7401-4B59-ACC8-B263549F91B9}.Release.ActiveCfg = Release|Win32
		{F1A831E1-7401-4B59-ACC8-B263549F91B9}.Release.Build.0 = Release|Win32
		{97BDE35F-A881-49BE-ADB4-218998087BF9}.Debug.ActiveCfg = Debug|Win32
		{97BDE35F-A881-49BE-ADB4-218998087BF9}.Debug.Build.0 = Debug|Win32
		{97BDE35F-A881-49BE-ADB4-218998087BF9}.Release.ActiveCfg = Release|Win32
		{97BDE35F-A881-49BE-ADB4-218998087BF9}.Release.Build.0 = Release|Win32
		{EF2A0A6E-589C-4D37-9C1E-1FC02B63C044}.Debug.ActiveCfg = Debug|Win32
		{EF2A0A6E-589C-4D37-9C1E-1FC02B63C044}.Debug.Build.0 = Debug|Win32
		{EF2A0A6E-589C-4D37-9C1E-1FC02B63C044}.Release.ActiveCfg = Release|Win32
		{EF2A0A6E-589C-4D37-9C1E-1FC02B63C044}.Release.Build.0 = Release|Win32
	EndGlobalSection
	GlobalSection(ExtensibilityGlobals) = postSolution
	EndGlobalSection
	GlobalSection(ExtensibilityAddIns) = postSolution
	EndGlobalSection
EndGlobal
