Microsoft Visual Studio Solution File, Format Version 11.00
# Visual C++ Express 2010
Project("{8BC9CEB8-8B4A-11D0-8D11-00A0C91BC942}") = "scribus-main", "scribus-main\Scribus.vcxproj", "{B17FCD80-7978-4544-93C4-2FE1AC6FE9F3}"
EndProject
Project("{8BC9CEB8-8B4A-11D0-8D11-00A0C91BC942}") = "svgexport", "svgexport\svgexport.vcxproj", "{9652EA11-AFA0-4CDF-88AC-7912C653EFE6}"
EndProject
Project("{8BC9CEB8-8B4A-11D0-8D11-00A0C91BC942}") = "svgimport", "svgimport\svgimport.vcxproj", "{94FC2DA4-7881-47FB-8625-71ECCAB1375D}"
EndProject
Project("{8BC9CEB8-8B4A-11D0-8D11-00A0C91BC942}") = "colorwheel", "colorwheel\colorwheel.vcxproj", "{778564AE-EF11-4E88-A1D6-31AC8B10257F}"
EndProject
Project("{8BC9CEB8-8B4A-11D0-8D11-00A0C91BC942}") = "fontpreview", "fontpreview\fontpreview.vcxproj", "{C8FA9789-CA9A-4256-B4BB-C4ED97CBADEF}"
EndProject
Project("{8BC9CEB8-8B4A-11D0-8D11-00A0C91BC942}") = "pixmapexport", "pixmapexport\pixmapexport.vcxproj", "{BCDD9765-B310-44EB-890A-1704A1D18619}"
EndProject
Project("{8BC9CEB8-8B4A-11D0-8D11-00A0C91BC942}") = "saveastemplate", "saveastemplate\saveastemplate.vcxproj", "{F8CF727B-EF70-43DD-97F3-EDE68E0942D4}"
EndProject
Project("{8BC9CEB8-8B4A-11D0-8D11-00A0C91BC942}") = "oodrawimport", "oodrawimport\oodrawimport.vcxproj", "{5AC499E4-BABA-419B-83B3-50D3C54059B8}"
EndProject
Project("{8BC9CEB8-8B4A-11D0-8D11-00A0C91BC942}") = "gettext-csvim", "gettext-csvim\gettext-csvim.vcxproj", "{CEB375A0-BC15-4BCE-91C8-003701C02304}"
EndProject
Project("{8BC9CEB8-8B4A-11D0-8D11-00A0C91BC942}") = "gettext-htmlim", "gettext-htmlim\gettext-htmlim.vcxproj", "{AD793860-316D-46C9-A355-0888D003FFB0}"
EndProject
Project("{8BC9CEB8-8B4A-11D0-8D11-00A0C91BC942}") = "gettext-odtim", "gettext-odtim\gettext-odtim.vcxproj", "{181977C6-17C1-4ADB-B16A-5C6A9CD95427}"
EndProject
Project("{8BC9CEB8-8B4A-11D0-8D11-00A0C91BC942}") = "gettext-sxwim", "gettext-sxwim\gettext-sxwim.vcxproj", "{743095DE-B828-40AF-92F7-96FB751E0AF2}"
EndProject
Project("{8BC9CEB8-8B4A-11D0-8D11-00A0C91BC942}") = "gettext-textfilter", "gettext-textfilter\gettext-textfilter.vcxproj", "{3CF57996-98BE-4C6A-85D6-91A85107D52A}"
EndProject
Project("{8BC9CEB8-8B4A-11D0-8D11-00A0C91BC942}") = "gettext-txtim", "gettext-txtim\gettext-txtim.vcxproj", "{91AA5592-24B2-4C30-A15C-9ECABB743DF6}"
EndProject
Project("{8BC9CEB8-8B4A-11D0-8D11-00A0C91BC942}") = "shortwords", "shortwords\shortwords.vcxproj", "{F54F5827-D95E-4CCE-856B-394C16BB7C83}"
EndProject
Project("{8BC9CEB8-8B4A-11D0-8D11-00A0C91BC942}") = "scriptplugin", "scriptplugin\scriptplugin.vcxproj", "{A1C9766A-07E2-4105-A5D9-3AA74B2A220F}"
EndProject
Project("{8BC9CEB8-8B4A-11D0-8D11-00A0C91BC942}") = "barcodegenerator", "barcodegenerator\barcodegenerator.vcxproj", "{F1A831E1-7401-4B59-ACC8-B263549F91B9}"
EndProject
Project("{8BC9CEB8-8B4A-11D0-8D11-00A0C91BC942}") = "gettext-pdbim", "gettext-pdbim\gettext-pdbim.vcxproj", "{97BDE35F-A881-49BE-ADB4-218998087BF9}"
EndProject
Project("{8BC9CEB8-8B4A-11D0-8D11-00A0C91BC942}") = "gettext-docim", "gettext-docim\gettext-docim.vcxproj", "{EF2A0A6E-589C-4D37-9C1E-1FC02B63C044}"
EndProject
Project("{8BC9CEB8-8B4A-11D0-8D11-00A0C91BC942}") = "scribus12format", "scribus12format\scribus12format.vcxproj", "{0287B924-5534-48C1-AD67-C4F5FE57F0FC}"
EndProject
Project("{8BC9CEB8-8B4A-11D0-8D11-00A0C91BC942}") = "scribus13format", "scribus13format\scribus13format.vcxproj", "{CF841DED-379A-4287-A797-01C36CC26524}"
EndProject
Project("{8BC9CEB8-8B4A-11D0-8D11-00A0C91BC942}") = "scribus134format", "scribus134format\scribus134format.vcxproj", "{B9131D43-8E1B-4660-A5C1-B58F9D8BDCF7}"
EndProject
Project("{8BC9CEB8-8B4A-11D0-8D11-00A0C91BC942}") = "wmfimport", "wmfimport\wmfimport.vcxproj", "{461FE9D7-4889-4BA6-8DC3-D134F3B96949}"
EndProject
Project("{8BC9CEB8-8B4A-11D0-8D11-00A0C91BC942}") = "aiimport", "aiimport\aiimport.vcxproj", "{1BBA70B3-12AF-463C-A8E4-E613E4999491}"
EndProject
Project("{8BC9CEB8-8B4A-11D0-8D11-00A0C91BC942}") = "lenseffects", "lenseffects\lenseffects.vcxproj", "{A00C1154-21EF-4844-9A6A-CA04CD6CB3D7}"
EndProject
Project("{8BC9CEB8-8B4A-11D0-8D11-00A0C91BC942}") = "pathfinder", "pathfinder\pathfinder.vcxproj", "{3D406CF3-7B96-4C50-AE65-4B13F3B1FB3E}"
EndProject
Project("{8BC9CEB8-8B4A-11D0-8D11-00A0C91BC942}") = "pathstroker", "pathstroker\pathstroker.vcxproj", "{2DA58BEA-E0FF-4563-9D0C-1C9F00E66829}"
EndProject
Project("{8BC9CEB8-8B4A-11D0-8D11-00A0C91BC942}") = "subdivide", "subdivide\subdivide.vcxproj", "{EF91BE42-1E12-48D4-B173-BA55544E915A}"
EndProject
Project("{8BC9CEB8-8B4A-11D0-8D11-00A0C91BC942}") = "pathcut", "pathcut\pathcut.vcxproj", "{0DB9ED07-1DF0-404C-AA80-5301090CD892}"
EndProject
Project("{8BC9CEB8-8B4A-11D0-8D11-00A0C91BC942}") = "xfigimport", "xfigimport\xfigimport.vcxproj", "{B76382D2-D406-498D-AA17-16F6709033A4}"
EndProject
Project("{8BC9CEB8-8B4A-11D0-8D11-00A0C91BC942}") = "scribus-lib2geom", "scribus-lib2geom\scribus-lib2geom.vcxproj", "{6AC5EDDC-2540-47E0-873E-FE40FB06FBFD}"
EndProject
Project("{8BC9CEB8-8B4A-11D0-8D11-00A0C91BC942}") = "pathalongpath", "pathalongpath\pathalongpath.vcxproj", "{CAF6D555-0E2E-4ABB-9585-00860B8B183E}"
EndProject
Project("{8BC9CEB8-8B4A-11D0-8D11-00A0C91BC942}") = "meshdistortion", "meshdistortion\meshdistortion.vcxproj", "{2B610023-D3A6-4EC3-B7D5-868ED3B9321E}"
EndProject
Project("{8BC9CEB8-8B4A-11D0-8D11-00A0C91BC942}") = "pathconnect", "pathconnect\pathconnect.vcxproj", "{EDE59DB3-794A-4E3F-942A-98189DF6DCE2}"
EndProject
Project("{8BC9CEB8-8B4A-11D0-8D11-00A0C91BC942}") = "picturebrowser", "picturebrowser\picturebrowser.vcxproj", "{5E658CA4-FCD1-43D0-97F3-28859E385F34}"
EndProject
Project("{8BC9CEB8-8B4A-11D0-8D11-00A0C91BC942}") = "scribus150format", "scribus150format\scribus150format.vcxproj", "{9732DF6B-E372-48DD-B46B-CA4511E22DD8}"
EndProject
Project("{8BC9CEB8-8B4A-11D0-8D11-00A0C91BC942}") = "cvgimport", "cvgimport\cvgimport.vcxproj", "{041200F4-3AED-4074-9A02-F9D8296DBD44}"
EndProject
Project("{8BC9CEB8-8B4A-11D0-8D11-00A0C91BC942}") = "wpgimport", "wpgimport\wpgimport.vcxproj", "{A2A76BE2-A592-43A1-B087-068D6E082340}"
EndProject
Project("{8BC9CEB8-8B4A-11D0-8D11-00A0C91BC942}") = "pctimport", "pctimport\pctimport.vcxproj", "{DB5B98E3-34C2-4909-87C6-4950BCFC9CA3}"
EndProject
Project("{8BC9CEB8-8B4A-11D0-8D11-00A0C91BC942}") = "uniconvimport", "uniconvimport\uniconvimport.vcxproj", "{9D13FB34-9EC8-4BA5-B851-3FA6864EC3FB}"
EndProject
Project("{8BC9CEB8-8B4A-11D0-8D11-00A0C91BC942}") = "scribus-wpg", "scribus-wpg\scribus-wpg.vcxproj", "{50C264A1-2CE7-46A3-8C79-CBC714C49510}"
EndProject
Project("{8BC9CEB8-8B4A-11D0-8D11-00A0C91BC942}") = "xarimport", "xarimport\xarimport.vcxproj", "{6CBF7E6C-1611-41B3-AF93-B4916A7BB6E3}"
EndProject
Project("{8BC9CEB8-8B4A-11D0-8D11-00A0C91BC942}") = "cgmimport", "cgmimport\cgmimport.vcxproj", "{22A3A594-0080-4956-BD16-ED9384335659}"
EndProject
Project("{8BC9CEB8-8B4A-11D0-8D11-00A0C91BC942}") = "gettext-xtgim", "gettext-xtgim\gettext-xtgim.vcxproj", "{0A127183-FD65-4CFA-AC9F-06C1ED3E82AC}"
EndProject
Project("{8BC9CEB8-8B4A-11D0-8D11-00A0C91BC942}") = "idmlimport", "idmlimport\idmlimport.vcxproj", "{6F97694C-76D9-4B1E-9C38-22FA260AB347}"
EndProject
Project("{8BC9CEB8-8B4A-11D0-8D11-00A0C91BC942}") = "drwimport", "drwimport\drwimport.vcxproj", "{A46C3979-E6DD-408F-BB9E-ED5EC3292AFA}"
EndProject
Project("{8BC9CEB8-8B4A-11D0-8D11-00A0C91BC942}") = "scribus-pgf", "scribus-pgf\scribus-pgf.vcxproj", "{AAA3586D-6218-4CDB-BDD2-BC0198946661}"
EndProject
Project("{8BC9CEB8-8B4A-11D0-8D11-00A0C91BC942}") = "smlimport", "smlimport\smlimport.vcxproj", "{610E7F1D-5850-4294-96DD-B949D00E3176}"
EndProject
Project("{8BC9CEB8-8B4A-11D0-8D11-00A0C91BC942}") = "shapeimport", "shapeimport\shapeimport.vcxproj", "{1A8E95AC-29CD-459E-9E5E-09FA64ECC4F6}"
EndProject
Project("{8BC9CEB8-8B4A-11D0-8D11-00A0C91BC942}") = "flattenpath", "flattenpath\flattenpath.vcxproj", "{FC2F57D2-73F5-4ACD-B51B-3ED524F0C826}"
EndProject
Project("{8BC9CEB8-8B4A-11D0-8D11-00A0C91BC942}") = "smoothpath", "smoothpath\smoothpath.vcxproj", "{F3471C52-C0FF-4690-B9BF-9A97A6F2BA2F}"
EndProject
Project("{8BC9CEB8-8B4A-11D0-8D11-00A0C91BC942}") = "pdfimport", "pdfimport\pdfimport.vcxproj", "{F58AF6DE-330F-48F5-97BB-ED2F30401712}"
EndProject
Project("{8BC9CEB8-8B4A-11D0-8D11-00A0C91BC942}") = "hunspellcheck", "hunspellcheck\hunspellcheck.vcxproj", "{C5268DFD-7CC5-4829-A354-82446B4E07AF}"
EndProject
Project("{8BC9CEB8-8B4A-11D0-8D11-00A0C91BC942}") = "vivaimport", "vivaimport\vivaimport.vcxproj", "{91E5BE81-FF13-4AEB-85AC-F88527F4260D}"
EndProject
Project("{8BC9CEB8-8B4A-11D0-8D11-00A0C91BC942}") = "scribus-zip", "scribus-zip\scribus-zip.vcxproj", "{6CC39EED-B1E2-4209-8F65-0E6242EE63E5}"
EndProject
Project("{8BC9CEB8-8B4A-11D0-8D11-00A0C91BC942}") = "xpsimport", "xpsimport\xpsimport.vcxproj", "{5433CF53-02D2-4603-AD86-3F26A2934E1E}"
	ProjectSection(ProjectDependencies) = postProject
		{6CC39EED-B1E2-4209-8F65-0E6242EE63E5} = {6CC39EED-B1E2-4209-8F65-0E6242EE63E5}
	EndProjectSection
EndProject
Project("{8BC9CEB8-8B4A-11D0-8D11-00A0C91BC942}") = "xpsexport", "xpsexport\xpsexport.vcxproj", "{62362ECA-AD5B-41D7-8862-585ABF3CB5F1}"
	ProjectSection(ProjectDependencies) = postProject
		{6CC39EED-B1E2-4209-8F65-0E6242EE63E5} = {6CC39EED-B1E2-4209-8F65-0E6242EE63E5}
	EndProjectSection
EndProject
Global
	GlobalSection(SolutionConfigurationPlatforms) = preSolution
		Debug|Win32 = Debug|Win32
		Release|Win32 = Release|Win32
	EndGlobalSection
	GlobalSection(ProjectConfigurationPlatforms) = postSolution
		{B17FCD80-7978-4544-93C4-2FE1AC6FE9F3}.Debug|Win32.ActiveCfg = Debug|Win32
		{B17FCD80-7978-4544-93C4-2FE1AC6FE9F3}.Debug|Win32.Build.0 = Debug|Win32
		{B17FCD80-7978-4544-93C4-2FE1AC6FE9F3}.Release|Win32.ActiveCfg = Release|Win32
		{B17FCD80-7978-4544-93C4-2FE1AC6FE9F3}.Release|Win32.Build.0 = Release|Win32
		{9652EA11-AFA0-4CDF-88AC-7912C653EFE6}.Debug|Win32.ActiveCfg = Debug|Win32
		{9652EA11-AFA0-4CDF-88AC-7912C653EFE6}.Debug|Win32.Build.0 = Debug|Win32
		{9652EA11-AFA0-4CDF-88AC-7912C653EFE6}.Release|Win32.ActiveCfg = Release|Win32
		{9652EA11-AFA0-4CDF-88AC-7912C653EFE6}.Release|Win32.Build.0 = Release|Win32
		{94FC2DA4-7881-47FB-8625-71ECCAB1375D}.Debug|Win32.ActiveCfg = Debug|Win32
		{94FC2DA4-7881-47FB-8625-71ECCAB1375D}.Debug|Win32.Build.0 = Debug|Win32
		{94FC2DA4-7881-47FB-8625-71ECCAB1375D}.Release|Win32.ActiveCfg = Release|Win32
		{94FC2DA4-7881-47FB-8625-71ECCAB1375D}.Release|Win32.Build.0 = Release|Win32
		{778564AE-EF11-4E88-A1D6-31AC8B10257F}.Debug|Win32.ActiveCfg = Debug|Win32
		{778564AE-EF11-4E88-A1D6-31AC8B10257F}.Debug|Win32.Build.0 = Debug|Win32
		{778564AE-EF11-4E88-A1D6-31AC8B10257F}.Release|Win32.ActiveCfg = Release|Win32
		{778564AE-EF11-4E88-A1D6-31AC8B10257F}.Release|Win32.Build.0 = Release|Win32
		{C8FA9789-CA9A-4256-B4BB-C4ED97CBADEF}.Debug|Win32.ActiveCfg = Debug|Win32
		{C8FA9789-CA9A-4256-B4BB-C4ED97CBADEF}.Debug|Win32.Build.0 = Debug|Win32
		{C8FA9789-CA9A-4256-B4BB-C4ED97CBADEF}.Release|Win32.ActiveCfg = Release|Win32
		{C8FA9789-CA9A-4256-B4BB-C4ED97CBADEF}.Release|Win32.Build.0 = Release|Win32
		{BCDD9765-B310-44EB-890A-1704A1D18619}.Debug|Win32.ActiveCfg = Debug|Win32
		{BCDD9765-B310-44EB-890A-1704A1D18619}.Debug|Win32.Build.0 = Debug|Win32
		{BCDD9765-B310-44EB-890A-1704A1D18619}.Release|Win32.ActiveCfg = Release|Win32
		{BCDD9765-B310-44EB-890A-1704A1D18619}.Release|Win32.Build.0 = Release|Win32
		{F8CF727B-EF70-43DD-97F3-EDE68E0942D4}.Debug|Win32.ActiveCfg = Debug|Win32
		{F8CF727B-EF70-43DD-97F3-EDE68E0942D4}.Debug|Win32.Build.0 = Debug|Win32
		{F8CF727B-EF70-43DD-97F3-EDE68E0942D4}.Release|Win32.ActiveCfg = Release|Win32
		{F8CF727B-EF70-43DD-97F3-EDE68E0942D4}.Release|Win32.Build.0 = Release|Win32
		{5AC499E4-BABA-419B-83B3-50D3C54059B8}.Debug|Win32.ActiveCfg = Debug|Win32
		{5AC499E4-BABA-419B-83B3-50D3C54059B8}.Debug|Win32.Build.0 = Debug|Win32
		{5AC499E4-BABA-419B-83B3-50D3C54059B8}.Release|Win32.ActiveCfg = Release|Win32
		{5AC499E4-BABA-419B-83B3-50D3C54059B8}.Release|Win32.Build.0 = Release|Win32
		{CEB375A0-BC15-4BCE-91C8-003701C02304}.Debug|Win32.ActiveCfg = Debug|Win32
		{CEB375A0-BC15-4BCE-91C8-003701C02304}.Debug|Win32.Build.0 = Debug|Win32
		{CEB375A0-BC15-4BCE-91C8-003701C02304}.Release|Win32.ActiveCfg = Release|Win32
		{CEB375A0-BC15-4BCE-91C8-003701C02304}.Release|Win32.Build.0 = Release|Win32
		{AD793860-316D-46C9-A355-0888D003FFB0}.Debug|Win32.ActiveCfg = Debug|Win32
		{AD793860-316D-46C9-A355-0888D003FFB0}.Debug|Win32.Build.0 = Debug|Win32
		{AD793860-316D-46C9-A355-0888D003FFB0}.Release|Win32.ActiveCfg = Release|Win32
		{AD793860-316D-46C9-A355-0888D003FFB0}.Release|Win32.Build.0 = Release|Win32
		{181977C6-17C1-4ADB-B16A-5C6A9CD95427}.Debug|Win32.ActiveCfg = Debug|Win32
		{181977C6-17C1-4ADB-B16A-5C6A9CD95427}.Debug|Win32.Build.0 = Debug|Win32
		{181977C6-17C1-4ADB-B16A-5C6A9CD95427}.Release|Win32.ActiveCfg = Release|Win32
		{181977C6-17C1-4ADB-B16A-5C6A9CD95427}.Release|Win32.Build.0 = Release|Win32
		{743095DE-B828-40AF-92F7-96FB751E0AF2}.Debug|Win32.ActiveCfg = Debug|Win32
		{743095DE-B828-40AF-92F7-96FB751E0AF2}.Debug|Win32.Build.0 = Debug|Win32
		{743095DE-B828-40AF-92F7-96FB751E0AF2}.Release|Win32.ActiveCfg = Release|Win32
		{743095DE-B828-40AF-92F7-96FB751E0AF2}.Release|Win32.Build.0 = Release|Win32
		{3CF57996-98BE-4C6A-85D6-91A85107D52A}.Debug|Win32.ActiveCfg = Debug|Win32
		{3CF57996-98BE-4C6A-85D6-91A85107D52A}.Debug|Win32.Build.0 = Debug|Win32
		{3CF57996-98BE-4C6A-85D6-91A85107D52A}.Release|Win32.ActiveCfg = Release|Win32
		{3CF57996-98BE-4C6A-85D6-91A85107D52A}.Release|Win32.Build.0 = Release|Win32
		{91AA5592-24B2-4C30-A15C-9ECABB743DF6}.Debug|Win32.ActiveCfg = Debug|Win32
		{91AA5592-24B2-4C30-A15C-9ECABB743DF6}.Debug|Win32.Build.0 = Debug|Win32
		{91AA5592-24B2-4C30-A15C-9ECABB743DF6}.Release|Win32.ActiveCfg = Release|Win32
		{91AA5592-24B2-4C30-A15C-9ECABB743DF6}.Release|Win32.Build.0 = Release|Win32
		{F54F5827-D95E-4CCE-856B-394C16BB7C83}.Debug|Win32.ActiveCfg = Debug|Win32
		{F54F5827-D95E-4CCE-856B-394C16BB7C83}.Debug|Win32.Build.0 = Debug|Win32
		{F54F5827-D95E-4CCE-856B-394C16BB7C83}.Release|Win32.ActiveCfg = Release|Win32
		{F54F5827-D95E-4CCE-856B-394C16BB7C83}.Release|Win32.Build.0 = Release|Win32
		{A1C9766A-07E2-4105-A5D9-3AA74B2A220F}.Debug|Win32.ActiveCfg = Debug|Win32
		{A1C9766A-07E2-4105-A5D9-3AA74B2A220F}.Debug|Win32.Build.0 = Debug|Win32
		{A1C9766A-07E2-4105-A5D9-3AA74B2A220F}.Release|Win32.ActiveCfg = Release|Win32
		{A1C9766A-07E2-4105-A5D9-3AA74B2A220F}.Release|Win32.Build.0 = Release|Win32
		{F1A831E1-7401-4B59-ACC8-B263549F91B9}.Debug|Win32.ActiveCfg = Debug|Win32
		{F1A831E1-7401-4B59-ACC8-B263549F91B9}.Debug|Win32.Build.0 = Debug|Win32
		{F1A831E1-7401-4B59-ACC8-B263549F91B9}.Release|Win32.ActiveCfg = Release|Win32
		{F1A831E1-7401-4B59-ACC8-B263549F91B9}.Release|Win32.Build.0 = Release|Win32
		{97BDE35F-A881-49BE-ADB4-218998087BF9}.Debug|Win32.ActiveCfg = Debug|Win32
		{97BDE35F-A881-49BE-ADB4-218998087BF9}.Debug|Win32.Build.0 = Debug|Win32
		{97BDE35F-A881-49BE-ADB4-218998087BF9}.Release|Win32.ActiveCfg = Release|Win32
		{97BDE35F-A881-49BE-ADB4-218998087BF9}.Release|Win32.Build.0 = Release|Win32
		{EF2A0A6E-589C-4D37-9C1E-1FC02B63C044}.Debug|Win32.ActiveCfg = Debug|Win32
		{EF2A0A6E-589C-4D37-9C1E-1FC02B63C044}.Debug|Win32.Build.0 = Debug|Win32
		{EF2A0A6E-589C-4D37-9C1E-1FC02B63C044}.Release|Win32.ActiveCfg = Release|Win32
		{EF2A0A6E-589C-4D37-9C1E-1FC02B63C044}.Release|Win32.Build.0 = Release|Win32
		{0287B924-5534-48C1-AD67-C4F5FE57F0FC}.Debug|Win32.ActiveCfg = Debug|Win32
		{0287B924-5534-48C1-AD67-C4F5FE57F0FC}.Debug|Win32.Build.0 = Debug|Win32
		{0287B924-5534-48C1-AD67-C4F5FE57F0FC}.Release|Win32.ActiveCfg = Release|Win32
		{0287B924-5534-48C1-AD67-C4F5FE57F0FC}.Release|Win32.Build.0 = Release|Win32
		{CF841DED-379A-4287-A797-01C36CC26524}.Debug|Win32.ActiveCfg = Debug|Win32
		{CF841DED-379A-4287-A797-01C36CC26524}.Debug|Win32.Build.0 = Debug|Win32
		{CF841DED-379A-4287-A797-01C36CC26524}.Release|Win32.ActiveCfg = Release|Win32
		{CF841DED-379A-4287-A797-01C36CC26524}.Release|Win32.Build.0 = Release|Win32
		{B9131D43-8E1B-4660-A5C1-B58F9D8BDCF7}.Debug|Win32.ActiveCfg = Debug|Win32
		{B9131D43-8E1B-4660-A5C1-B58F9D8BDCF7}.Debug|Win32.Build.0 = Debug|Win32
		{B9131D43-8E1B-4660-A5C1-B58F9D8BDCF7}.Release|Win32.ActiveCfg = Release|Win32
		{B9131D43-8E1B-4660-A5C1-B58F9D8BDCF7}.Release|Win32.Build.0 = Release|Win32
		{461FE9D7-4889-4BA6-8DC3-D134F3B96949}.Debug|Win32.ActiveCfg = Debug|Win32
		{461FE9D7-4889-4BA6-8DC3-D134F3B96949}.Debug|Win32.Build.0 = Debug|Win32
		{461FE9D7-4889-4BA6-8DC3-D134F3B96949}.Release|Win32.ActiveCfg = Release|Win32
		{461FE9D7-4889-4BA6-8DC3-D134F3B96949}.Release|Win32.Build.0 = Release|Win32
		{1BBA70B3-12AF-463C-A8E4-E613E4999491}.Debug|Win32.ActiveCfg = Debug|Win32
		{1BBA70B3-12AF-463C-A8E4-E613E4999491}.Debug|Win32.Build.0 = Debug|Win32
		{1BBA70B3-12AF-463C-A8E4-E613E4999491}.Release|Win32.ActiveCfg = Release|Win32
		{1BBA70B3-12AF-463C-A8E4-E613E4999491}.Release|Win32.Build.0 = Release|Win32
		{A00C1154-21EF-4844-9A6A-CA04CD6CB3D7}.Debug|Win32.ActiveCfg = Debug|Win32
		{A00C1154-21EF-4844-9A6A-CA04CD6CB3D7}.Debug|Win32.Build.0 = Debug|Win32
		{A00C1154-21EF-4844-9A6A-CA04CD6CB3D7}.Release|Win32.ActiveCfg = Release|Win32
		{A00C1154-21EF-4844-9A6A-CA04CD6CB3D7}.Release|Win32.Build.0 = Release|Win32
		{3D406CF3-7B96-4C50-AE65-4B13F3B1FB3E}.Debug|Win32.ActiveCfg = Debug|Win32
		{3D406CF3-7B96-4C50-AE65-4B13F3B1FB3E}.Debug|Win32.Build.0 = Debug|Win32
		{3D406CF3-7B96-4C50-AE65-4B13F3B1FB3E}.Release|Win32.ActiveCfg = Release|Win32
		{3D406CF3-7B96-4C50-AE65-4B13F3B1FB3E}.Release|Win32.Build.0 = Release|Win32
		{2DA58BEA-E0FF-4563-9D0C-1C9F00E66829}.Debug|Win32.ActiveCfg = Debug|Win32
		{2DA58BEA-E0FF-4563-9D0C-1C9F00E66829}.Debug|Win32.Build.0 = Debug|Win32
		{2DA58BEA-E0FF-4563-9D0C-1C9F00E66829}.Release|Win32.ActiveCfg = Release|Win32
		{2DA58BEA-E0FF-4563-9D0C-1C9F00E66829}.Release|Win32.Build.0 = Release|Win32
		{EF91BE42-1E12-48D4-B173-BA55544E915A}.Debug|Win32.ActiveCfg = Debug|Win32
		{EF91BE42-1E12-48D4-B173-BA55544E915A}.Debug|Win32.Build.0 = Debug|Win32
		{EF91BE42-1E12-48D4-B173-BA55544E915A}.Release|Win32.ActiveCfg = Release|Win32
		{EF91BE42-1E12-48D4-B173-BA55544E915A}.Release|Win32.Build.0 = Release|Win32
		{0DB9ED07-1DF0-404C-AA80-5301090CD892}.Debug|Win32.ActiveCfg = Debug|Win32
		{0DB9ED07-1DF0-404C-AA80-5301090CD892}.Debug|Win32.Build.0 = Debug|Win32
		{0DB9ED07-1DF0-404C-AA80-5301090CD892}.Release|Win32.ActiveCfg = Release|Win32
		{0DB9ED07-1DF0-404C-AA80-5301090CD892}.Release|Win32.Build.0 = Release|Win32
		{B76382D2-D406-498D-AA17-16F6709033A4}.Debug|Win32.ActiveCfg = Debug|Win32
		{B76382D2-D406-498D-AA17-16F6709033A4}.Debug|Win32.Build.0 = Debug|Win32
		{B76382D2-D406-498D-AA17-16F6709033A4}.Release|Win32.ActiveCfg = Release|Win32
		{B76382D2-D406-498D-AA17-16F6709033A4}.Release|Win32.Build.0 = Release|Win32
		{6AC5EDDC-2540-47E0-873E-FE40FB06FBFD}.Debug|Win32.ActiveCfg = Debug|Win32
		{6AC5EDDC-2540-47E0-873E-FE40FB06FBFD}.Debug|Win32.Build.0 = Debug|Win32
		{6AC5EDDC-2540-47E0-873E-FE40FB06FBFD}.Release|Win32.ActiveCfg = Release|Win32
		{6AC5EDDC-2540-47E0-873E-FE40FB06FBFD}.Release|Win32.Build.0 = Release|Win32
		{CAF6D555-0E2E-4ABB-9585-00860B8B183E}.Debug|Win32.ActiveCfg = Debug|Win32
		{CAF6D555-0E2E-4ABB-9585-00860B8B183E}.Debug|Win32.Build.0 = Debug|Win32
		{CAF6D555-0E2E-4ABB-9585-00860B8B183E}.Release|Win32.ActiveCfg = Release|Win32
		{CAF6D555-0E2E-4ABB-9585-00860B8B183E}.Release|Win32.Build.0 = Release|Win32
		{2B610023-D3A6-4EC3-B7D5-868ED3B9321E}.Debug|Win32.ActiveCfg = Debug|Win32
		{2B610023-D3A6-4EC3-B7D5-868ED3B9321E}.Debug|Win32.Build.0 = Debug|Win32
		{2B610023-D3A6-4EC3-B7D5-868ED3B9321E}.Release|Win32.ActiveCfg = Release|Win32
		{2B610023-D3A6-4EC3-B7D5-868ED3B9321E}.Release|Win32.Build.0 = Release|Win32
		{EDE59DB3-794A-4E3F-942A-98189DF6DCE2}.Debug|Win32.ActiveCfg = Debug|Win32
		{EDE59DB3-794A-4E3F-942A-98189DF6DCE2}.Debug|Win32.Build.0 = Debug|Win32
		{EDE59DB3-794A-4E3F-942A-98189DF6DCE2}.Release|Win32.ActiveCfg = Release|Win32
		{EDE59DB3-794A-4E3F-942A-98189DF6DCE2}.Release|Win32.Build.0 = Release|Win32
		{5E658CA4-FCD1-43D0-97F3-28859E385F34}.Debug|Win32.ActiveCfg = Debug|Win32
		{5E658CA4-FCD1-43D0-97F3-28859E385F34}.Debug|Win32.Build.0 = Debug|Win32
		{5E658CA4-FCD1-43D0-97F3-28859E385F34}.Release|Win32.ActiveCfg = Release|Win32
		{5E658CA4-FCD1-43D0-97F3-28859E385F34}.Release|Win32.Build.0 = Release|Win32
		{9732DF6B-E372-48DD-B46B-CA4511E22DD8}.Debug|Win32.ActiveCfg = Debug|Win32
		{9732DF6B-E372-48DD-B46B-CA4511E22DD8}.Debug|Win32.Build.0 = Debug|Win32
		{9732DF6B-E372-48DD-B46B-CA4511E22DD8}.Release|Win32.ActiveCfg = Release|Win32
		{9732DF6B-E372-48DD-B46B-CA4511E22DD8}.Release|Win32.Build.0 = Release|Win32
		{041200F4-3AED-4074-9A02-F9D8296DBD44}.Debug|Win32.ActiveCfg = Debug|Win32
		{041200F4-3AED-4074-9A02-F9D8296DBD44}.Debug|Win32.Build.0 = Debug|Win32
		{041200F4-3AED-4074-9A02-F9D8296DBD44}.Release|Win32.ActiveCfg = Release|Win32
		{041200F4-3AED-4074-9A02-F9D8296DBD44}.Release|Win32.Build.0 = Release|Win32
		{A2A76BE2-A592-43A1-B087-068D6E082340}.Debug|Win32.ActiveCfg = Debug|Win32
		{A2A76BE2-A592-43A1-B087-068D6E082340}.Debug|Win32.Build.0 = Debug|Win32
		{A2A76BE2-A592-43A1-B087-068D6E082340}.Release|Win32.ActiveCfg = Release|Win32
		{A2A76BE2-A592-43A1-B087-068D6E082340}.Release|Win32.Build.0 = Release|Win32
		{DB5B98E3-34C2-4909-87C6-4950BCFC9CA3}.Debug|Win32.ActiveCfg = Debug|Win32
		{DB5B98E3-34C2-4909-87C6-4950BCFC9CA3}.Debug|Win32.Build.0 = Debug|Win32
		{DB5B98E3-34C2-4909-87C6-4950BCFC9CA3}.Release|Win32.ActiveCfg = Release|Win32
		{DB5B98E3-34C2-4909-87C6-4950BCFC9CA3}.Release|Win32.Build.0 = Release|Win32
		{9D13FB34-9EC8-4BA5-B851-3FA6864EC3FB}.Debug|Win32.ActiveCfg = Debug|Win32
		{9D13FB34-9EC8-4BA5-B851-3FA6864EC3FB}.Debug|Win32.Build.0 = Debug|Win32
		{9D13FB34-9EC8-4BA5-B851-3FA6864EC3FB}.Release|Win32.ActiveCfg = Release|Win32
		{9D13FB34-9EC8-4BA5-B851-3FA6864EC3FB}.Release|Win32.Build.0 = Release|Win32
		{50C264A1-2CE7-46A3-8C79-CBC714C49510}.Debug|Win32.ActiveCfg = Debug|Win32
		{50C264A1-2CE7-46A3-8C79-CBC714C49510}.Debug|Win32.Build.0 = Debug|Win32
		{50C264A1-2CE7-46A3-8C79-CBC714C49510}.Release|Win32.ActiveCfg = Release|Win32
		{50C264A1-2CE7-46A3-8C79-CBC714C49510}.Release|Win32.Build.0 = Release|Win32
		{6CBF7E6C-1611-41B3-AF93-B4916A7BB6E3}.Debug|Win32.ActiveCfg = Debug|Win32
		{6CBF7E6C-1611-41B3-AF93-B4916A7BB6E3}.Debug|Win32.Build.0 = Debug|Win32
		{6CBF7E6C-1611-41B3-AF93-B4916A7BB6E3}.Release|Win32.ActiveCfg = Release|Win32
		{6CBF7E6C-1611-41B3-AF93-B4916A7BB6E3}.Release|Win32.Build.0 = Release|Win32
		{22A3A594-0080-4956-BD16-ED9384335659}.Debug|Win32.ActiveCfg = Debug|Win32
		{22A3A594-0080-4956-BD16-ED9384335659}.Debug|Win32.Build.0 = Debug|Win32
		{22A3A594-0080-4956-BD16-ED9384335659}.Release|Win32.ActiveCfg = Release|Win32
		{22A3A594-0080-4956-BD16-ED9384335659}.Release|Win32.Build.0 = Release|Win32
		{0A127183-FD65-4CFA-AC9F-06C1ED3E82AC}.Debug|Win32.ActiveCfg = Debug|Win32
		{0A127183-FD65-4CFA-AC9F-06C1ED3E82AC}.Debug|Win32.Build.0 = Debug|Win32
		{0A127183-FD65-4CFA-AC9F-06C1ED3E82AC}.Release|Win32.ActiveCfg = Release|Win32
		{0A127183-FD65-4CFA-AC9F-06C1ED3E82AC}.Release|Win32.Build.0 = Release|Win32
		{6F97694C-76D9-4B1E-9C38-22FA260AB347}.Debug|Win32.ActiveCfg = Debug|Win32
		{6F97694C-76D9-4B1E-9C38-22FA260AB347}.Debug|Win32.Build.0 = Debug|Win32
		{6F97694C-76D9-4B1E-9C38-22FA260AB347}.Release|Win32.ActiveCfg = Release|Win32
		{6F97694C-76D9-4B1E-9C38-22FA260AB347}.Release|Win32.Build.0 = Release|Win32
		{A46C3979-E6DD-408F-BB9E-ED5EC3292AFA}.Debug|Win32.ActiveCfg = Debug|Win32
		{A46C3979-E6DD-408F-BB9E-ED5EC3292AFA}.Debug|Win32.Build.0 = Debug|Win32
		{A46C3979-E6DD-408F-BB9E-ED5EC3292AFA}.Release|Win32.ActiveCfg = Release|Win32
		{A46C3979-E6DD-408F-BB9E-ED5EC3292AFA}.Release|Win32.Build.0 = Release|Win32
		{AAA3586D-6218-4CDB-BDD2-BC0198946661}.Debug|Win32.ActiveCfg = Debug|Win32
		{AAA3586D-6218-4CDB-BDD2-BC0198946661}.Debug|Win32.Build.0 = Debug|Win32
		{AAA3586D-6218-4CDB-BDD2-BC0198946661}.Release|Win32.ActiveCfg = Release|Win32
		{AAA3586D-6218-4CDB-BDD2-BC0198946661}.Release|Win32.Build.0 = Release|Win32
		{610E7F1D-5850-4294-96DD-B949D00E3176}.Debug|Win32.ActiveCfg = Debug|Win32
		{610E7F1D-5850-4294-96DD-B949D00E3176}.Debug|Win32.Build.0 = Debug|Win32
		{610E7F1D-5850-4294-96DD-B949D00E3176}.Release|Win32.ActiveCfg = Release|Win32
		{610E7F1D-5850-4294-96DD-B949D00E3176}.Release|Win32.Build.0 = Release|Win32
		{1A8E95AC-29CD-459E-9E5E-09FA64ECC4F6}.Debug|Win32.ActiveCfg = Debug|Win32
		{1A8E95AC-29CD-459E-9E5E-09FA64ECC4F6}.Debug|Win32.Build.0 = Debug|Win32
		{1A8E95AC-29CD-459E-9E5E-09FA64ECC4F6}.Release|Win32.ActiveCfg = Release|Win32
		{1A8E95AC-29CD-459E-9E5E-09FA64ECC4F6}.Release|Win32.Build.0 = Release|Win32
		{FC2F57D2-73F5-4ACD-B51B-3ED524F0C826}.Debug|Win32.ActiveCfg = Debug|Win32
		{FC2F57D2-73F5-4ACD-B51B-3ED524F0C826}.Debug|Win32.Build.0 = Debug|Win32
		{FC2F57D2-73F5-4ACD-B51B-3ED524F0C826}.Release|Win32.ActiveCfg = Release|Win32
		{FC2F57D2-73F5-4ACD-B51B-3ED524F0C826}.Release|Win32.Build.0 = Release|Win32
		{F3471C52-C0FF-4690-B9BF-9A97A6F2BA2F}.Debug|Win32.ActiveCfg = Debug|Win32
		{F3471C52-C0FF-4690-B9BF-9A97A6F2BA2F}.Debug|Win32.Build.0 = Debug|Win32
		{F3471C52-C0FF-4690-B9BF-9A97A6F2BA2F}.Release|Win32.ActiveCfg = Release|Win32
		{F3471C52-C0FF-4690-B9BF-9A97A6F2BA2F}.Release|Win32.Build.0 = Release|Win32
		{F58AF6DE-330F-48F5-97BB-ED2F30401712}.Debug|Win32.ActiveCfg = Debug|Win32
		{F58AF6DE-330F-48F5-97BB-ED2F30401712}.Debug|Win32.Build.0 = Debug|Win32
		{F58AF6DE-330F-48F5-97BB-ED2F30401712}.Release|Win32.ActiveCfg = Release|Win32
		{F58AF6DE-330F-48F5-97BB-ED2F30401712}.Release|Win32.Build.0 = Release|Win32
		{C5268DFD-7CC5-4829-A354-82446B4E07AF}.Debug|Win32.ActiveCfg = Debug|Win32
		{C5268DFD-7CC5-4829-A354-82446B4E07AF}.Debug|Win32.Build.0 = Debug|Win32
		{C5268DFD-7CC5-4829-A354-82446B4E07AF}.Release|Win32.ActiveCfg = Release|Win32
		{C5268DFD-7CC5-4829-A354-82446B4E07AF}.Release|Win32.Build.0 = Release|Win32
		{91E5BE81-FF13-4AEB-85AC-F88527F4260D}.Debug|Win32.ActiveCfg = Debug|Win32
		{91E5BE81-FF13-4AEB-85AC-F88527F4260D}.Debug|Win32.Build.0 = Debug|Win32
		{91E5BE81-FF13-4AEB-85AC-F88527F4260D}.Release|Win32.ActiveCfg = Release|Win32
		{91E5BE81-FF13-4AEB-85AC-F88527F4260D}.Release|Win32.Build.0 = Release|Win32
		{6CC39EED-B1E2-4209-8F65-0E6242EE63E5}.Debug|Win32.ActiveCfg = Debug|Win32
		{6CC39EED-B1E2-4209-8F65-0E6242EE63E5}.Debug|Win32.Build.0 = Debug|Win32
		{6CC39EED-B1E2-4209-8F65-0E6242EE63E5}.Release|Win32.ActiveCfg = Release|Win32
		{6CC39EED-B1E2-4209-8F65-0E6242EE63E5}.Release|Win32.Build.0 = Release|Win32
		{5433CF53-02D2-4603-AD86-3F26A2934E1E}.Debug|Win32.ActiveCfg = Debug|Win32
		{5433CF53-02D2-4603-AD86-3F26A2934E1E}.Debug|Win32.Build.0 = Debug|Win32
		{5433CF53-02D2-4603-AD86-3F26A2934E1E}.Release|Win32.ActiveCfg = Release|Win32
		{5433CF53-02D2-4603-AD86-3F26A2934E1E}.Release|Win32.Build.0 = Release|Win32
		{62362ECA-AD5B-41D7-8862-585ABF3CB5F1}.Debug|Win32.ActiveCfg = Debug|Win32
		{62362ECA-AD5B-41D7-8862-585ABF3CB5F1}.Debug|Win32.Build.0 = Debug|Win32
		{62362ECA-AD5B-41D7-8862-585ABF3CB5F1}.Release|Win32.ActiveCfg = Release|Win32
		{62362ECA-AD5B-41D7-8862-585ABF3CB5F1}.Release|Win32.Build.0 = Release|Win32
	EndGlobalSection
	GlobalSection(SolutionProperties) = preSolution
		HideSolutionNode = FALSE
	EndGlobalSection
EndGlobal
