<?xml version="1.0" encoding="utf-8"?>
<Project ToolsVersion="4.0" xmlns="http://schemas.microsoft.com/developer/msbuild/2003">
  <ItemGroup>
    <Filter Include="Sources Files">
      <UniqueIdentifier>{4FC737F1-C7A5-4376-A066-2A32D752A2FF}</UniqueIdentifier>
      <Extensions>cpp;c;cc;cxx;def;odl;idl;hpj;bat;asm;asmx</Extensions>
    </Filter>
    <Filter Include="Header Files">
      <UniqueIdentifier>{93995380-89BD-4b04-88EB-625FBE52EBFB}</UniqueIdentifier>
      <Extensions>h;hpp;hxx;hm;inl;inc;xsd</Extensions>
    </Filter>
  </ItemGroup>
  <ItemGroup>
    <ClCompile Include="..\..\..\scribus\third_party\pgf\Decoder.cpp">
      <Filter>Sources Files</Filter>
    </ClCompile>
    <ClCompile Include="..\..\..\scribus\third_party\pgf\Encoder.cpp">
      <Filter>Sources Files</Filter>
    </ClCompile>
    <ClCompile Include="..\..\..\scribus\third_party\pgf\PGFimage.cpp">
      <Filter>Sources Files</Filter>
    </ClCompile>
    <ClCompile Include="..\..\..\scribus\third_party\pgf\PGFstream.cpp">
      <Filter>Sources Files</Filter>
    </ClCompile>
    <ClCompile Include="..\..\..\scribus\third_party\pgf\Subband.cpp">
      <Filter>Sources Files</Filter>
    </ClCompile>
    <ClCompile Include="..\..\..\scribus\third_party\pgf\WaveletTransform.cpp">
      <Filter>Sources Files</Filter>
    </ClCompile>
  </ItemGroup>
  <ItemGroup>
    <ClInclude Include="..\..\..\scribus\third_party\pgf\BitStream.h">
      <Filter>Header Files</Filter>
    </ClInclude>
    <ClInclude Include="..\..\..\scribus\third_party\pgf\Decoder.h">
      <Filter>Header Files</Filter>
    </ClInclude>
    <ClInclude Include="..\..\..\scribus\third_party\pgf\Encoder.h">
      <Filter>Header Files</Filter>
    </ClInclude>
    <ClInclude Include="..\..\..\scribus\third_party\pgf\PGFimage.h">
      <Filter>Header Files</Filter>
    </ClInclude>
    <ClInclude Include="..\..\..\scribus\third_party\pgf\PGFplatform.h">
      <Filter>Header Files</Filter>
    </ClInclude>
    <ClInclude Include="..\..\..\scribus\third_party\pgf\PGFstream.h">
      <Filter>Header Files</Filter>
    </ClInclude>
    <ClInclude Include="..\..\..\scribus\third_party\pgf\PGFtypes.h">
      <Filter>Header Files</Filter>
    </ClInclude>
    <ClInclude Include="..\..\..\scribus\third_party\pgf\Subband.h">
      <Filter>Header Files</Filter>
    </ClInclude>
    <ClInclude Include="..\..\..\scribus\third_party\pgf\WaveletTransform.h">
      <Filter>Header Files</Filter>
    </ClInclude>
  </ItemGroup>
</Project>