<?xml version="1.0" encoding="utf-8"?>
<Project ToolsVersion="4.0" xmlns="http://schemas.microsoft.com/developer/msbuild/2003">
  <ItemGroup>
    <Filter Include="Source Files">
      <UniqueIdentifier>{8936afc4-52c2-4301-9f00-32ed4292efb4}</UniqueIdentifier>
      <Extensions>cpp;c;cxx;def;odl;idl;hpj;bat;asm</Extensions>
    </Filter>
    <Filter Include="Header Files">
      <UniqueIdentifier>{1e0a237d-2226-4a70-936a-eeb2cd26e2fe}</UniqueIdentifier>
      <Extensions>h;hpp;hxx;hm;inl;inc</Extensions>
    </Filter>
    <Filter Include="Generated Moc Files">
      <UniqueIdentifier>{a4f4a43e-30ce-448d-9f7d-a6e1567c4f6e}</UniqueIdentifier>
    </Filter>
  </ItemGroup>
  <ItemGroup>
    <ClCompile Include="..\..\..\scribus\plugins\import\oodraw\oodrawimp.cpp">
      <Filter>Source Files</Filter>
    </ClCompile>
    <ClCompile Include="..\..\..\scribus\plugins\import\oodraw\stylestack.cpp">
      <Filter>Source Files</Filter>
    </ClCompile>
    <ClCompile Include="..\..\..\scribus\plugins\import\oodraw\moc_oodrawimp.cpp">
      <Filter>Generated Moc Files</Filter>
    </ClCompile>
  </ItemGroup>
  <ItemGroup>
    <ClInclude Include="..\..\..\scribus\plugins\import\oodraw\stylestack.h">
      <Filter>Header Files</Filter>
    </ClInclude>
  </ItemGroup>
  <ItemGroup>
    <moc Include="..\..\..\scribus\plugins\import\oodraw\oodrawimp.h">
      <Filter>Header Files</Filter>
    </moc>
  </ItemGroup>
</Project>