<?xml version="1.0" encoding="utf-8"?>
<Project ToolsVersion="4.0" xmlns="http://schemas.microsoft.com/developer/msbuild/2003">
  <ItemGroup>
    <Filter Include="Form Files">
      <UniqueIdentifier>{665981ec-5f3f-42a5-88b6-ab4eaa67ca4b}</UniqueIdentifier>
      <Extensions>ui</Extensions>
    </Filter>
    <Filter Include="Header Files">
      <UniqueIdentifier>{39cd4539-b992-4290-b3df-f7ec507189ec}</UniqueIdentifier>
      <Extensions>h;hpp;hxx;hm;inl;inc</Extensions>
    </Filter>
    <Filter Include="Source Files">
      <UniqueIdentifier>{9232e50d-455e-4d12-9d76-6e9dce117cb1}</UniqueIdentifier>
      <Extensions>cpp;c;cxx;def;odl;idl;hpj;bat;asm</Extensions>
    </Filter>
  </ItemGroup>
  <ItemGroup>
    <ClCompile Include="..\..\..\scribus\plugins\plugins_pch.cpp">
      <Filter>Source Files</Filter>
    </ClCompile>
    <ClCompile Include="..\..\..\scribus\plugins\tools\pathcut\pathcut.cpp">
      <Filter>Source Files</Filter>
    </ClCompile>
  </ItemGroup>
  <ItemGroup>
    <moc Include="..\..\..\scribus\plugins\tools\pathcut\pathcut.h">
      <Filter>Header Files</Filter>
    </moc>
  </ItemGroup>
  <ItemGroup>
    <ClInclude Include="..\..\..\scribus\plugins\plugins_pch.h">
      <Filter>Header Files</Filter>
    </ClInclude>
  </ItemGroup>
</Project>