<?xml version="1.0" encoding="utf-8"?>
<Project ToolsVersion="4.0" xmlns="http://schemas.microsoft.com/developer/msbuild/2003">
  <ItemGroup>
    <Filter Include="Source Files">
      <UniqueIdentifier>{3cfbe7bb-4007-4304-b625-17581d1266b8}</UniqueIdentifier>
      <Extensions>cpp;c;cxx;def;odl;idl;hpj;bat;asm</Extensions>
    </Filter>
    <Filter Include="Header Files">
      <UniqueIdentifier>{7def9ef0-88c2-45bc-8ef0-a8356a499ff8}</UniqueIdentifier>
      <Extensions>h;hpp;hxx;hm;inl;inc</Extensions>
    </Filter>
    <Filter Include="Generated Moc Files">
      <UniqueIdentifier>{fdef85d8-8d1b-4021-9b77-a56b4f1c7d49}</UniqueIdentifier>
    </Filter>
  </ItemGroup>
  <ItemGroup>
    <ClCompile Include="..\..\..\scribus\plugins\gettext\docim\docim.cpp">
      <Filter>Source Files</Filter>
    </ClCompile>
    <ClCompile Include="gettext-docimdll.cpp">
      <Filter>Source Files</Filter>
    </ClCompile>
    <ClCompile Include="..\..\..\scribus\plugins\gettext\docim\moc_docim.cpp">
      <Filter>Generated Moc Files</Filter>
    </ClCompile>
  </ItemGroup>
  <ItemGroup>
    <None Include="ReadMe.txt" />
  </ItemGroup>
  <ItemGroup>
    <moc Include="..\..\..\scribus\plugins\gettext\docim\docim.h">
      <Filter>Header Files</Filter>
    </moc>
  </ItemGroup>
</Project>