<?xml version="1.0" encoding="utf-8"?>
<Project ToolsVersion="4.0" xmlns="http://schemas.microsoft.com/developer/msbuild/2003">
  <ItemGroup>
    <Filter Include="Source Files">
      <UniqueIdentifier>{e58b30fb-2941-4cea-8fd0-d247fea8bc5f}</UniqueIdentifier>
      <Extensions>cpp;c;cxx;def;odl;idl;hpj;bat;asm</Extensions>
    </Filter>
    <Filter Include="Header Files">
      <UniqueIdentifier>{b34c7033-131f-40be-ba46-51d67797ce1a}</UniqueIdentifier>
      <Extensions>h;hpp;hxx;hm;inl;inc</Extensions>
    </Filter>
    <Filter Include="Generated Moc Files">
      <UniqueIdentifier>{9ad8987e-517e-4dd0-b3fc-723c336dcbba}</UniqueIdentifier>
    </Filter>
    <Filter Include="Generated Form Files">
      <UniqueIdentifier>{2356acc8-15b1-47a7-8c7d-30b9adcff901}</UniqueIdentifier>
    </Filter>
    <Filter Include="Form Files">
      <UniqueIdentifier>{518bf93c-63ad-4f50-b937-30e6b6b35ab5}</UniqueIdentifier>
      <Extensions>ui</Extensions>
    </Filter>
  </ItemGroup>
  <ItemGroup>
    <ClCompile Include="pathconnectdll.cpp">
      <Filter>Source Files</Filter>
    </ClCompile>
    <ClCompile Include="..\..\..\scribus\plugins\tools\pathconnect\pathconnect.cpp">
      <Filter>Source Files</Filter>
    </ClCompile>
    <ClCompile Include="..\..\..\scribus\plugins\tools\pathconnect\pathconnectdialog.cpp">
      <Filter>Source Files</Filter>
    </ClCompile>
    <ClCompile Include="..\..\..\scribus\plugins\tools\pathconnect\moc_pathconnect.cpp">
      <Filter>Generated Moc Files</Filter>
    </ClCompile>
    <ClCompile Include="..\..\..\scribus\plugins\tools\pathconnect\moc_pathconnectdialog.cpp">
      <Filter>Generated Moc Files</Filter>
    </ClCompile>
  </ItemGroup>
  <ItemGroup>
    <ClInclude Include="..\..\..\scribus\plugins\tools\pathconnect\ui_pathconnectdialogbase.h">
      <Filter>Generated Form Files</Filter>
    </ClInclude>
  </ItemGroup>
  <ItemGroup>
    <uic Include="..\..\..\scribus\plugins\tools\pathconnect\pathconnectdialogbase.ui">
      <Filter>Form Files</Filter>
    </uic>
  </ItemGroup>
  <ItemGroup>
    <moc Include="..\..\..\scribus\plugins\tools\pathconnect\pathconnect.h">
      <Filter>Header Files</Filter>
    </moc>
    <moc Include="..\..\..\scribus\plugins\tools\pathconnect\pathconnectdialog.h">
      <Filter>Header Files</Filter>
    </moc>
  </ItemGroup>
</Project>