<?xml version="1.0" encoding="utf-8"?>
<Project ToolsVersion="4.0" xmlns="http://schemas.microsoft.com/developer/msbuild/2003">
  <ItemGroup>
    <Filter Include="Source Files">
      <UniqueIdentifier>{266c05a3-41a5-4f44-a43d-fda5ff5d39e6}</UniqueIdentifier>
      <Extensions>cpp;c;cxx;def;odl;idl;hpj;bat;asm</Extensions>
    </Filter>
    <Filter Include="Header Files">
      <UniqueIdentifier>{c14bbc3b-7bae-44a0-88a0-b21e40b9ce36}</UniqueIdentifier>
      <Extensions>h;hpp;hxx;hm;inl;inc</Extensions>
    </Filter>
    <Filter Include="Generated Moc Files">
      <UniqueIdentifier>{889a07f6-af15-4149-9fc6-1827a096c65d}</UniqueIdentifier>
    </Filter>
  </ItemGroup>
  <ItemGroup>
    <ClCompile Include="..\..\..\scribus\plugins\import\xfig\importxfig.cpp">
      <Filter>Source Files</Filter>
    </ClCompile>
    <ClCompile Include="..\..\..\scribus\plugins\import\xfig\importxfigplugin.cpp">
      <Filter>Source Files</Filter>
    </ClCompile>
    <ClCompile Include="xfigimportdll.cpp">
      <Filter>Source Files</Filter>
    </ClCompile>
    <ClCompile Include="..\..\..\scribus\plugins\import\xfig\moc_importxfig.cpp">
      <Filter>Generated Moc Files</Filter>
    </ClCompile>
    <ClCompile Include="..\..\..\scribus\plugins\import\xfig\moc_importxfigplugin.cpp">
      <Filter>Generated Moc Files</Filter>
    </ClCompile>
  </ItemGroup>
  <ItemGroup>
    <moc Include="..\..\..\scribus\plugins\import\xfig\importxfig.h">
      <Filter>Header Files</Filter>
    </moc>
    <moc Include="..\..\..\scribus\plugins\import\xfig\importxfigplugin.h">
      <Filter>Header Files</Filter>
    </moc>
  </ItemGroup>
</Project>