<?xml version="1.0" encoding="utf-8"?>
<Project ToolsVersion="4.0" xmlns="http://schemas.microsoft.com/developer/msbuild/2003">
  <ItemGroup>
    <Filter Include="Source Files">
      <UniqueIdentifier>{68faebd3-2aec-4125-8d13-3783b1bda35c}</UniqueIdentifier>
      <Extensions>cpp;c;cxx;def;odl;idl;hpj;bat;asm</Extensions>
    </Filter>
    <Filter Include="Header Files">
      <UniqueIdentifier>{e90d32cf-149c-4dc1-ab3a-b6d86893914a}</UniqueIdentifier>
      <Extensions>h;hpp;hxx;hm;inl;inc</Extensions>
    </Filter>
    <Filter Include="Generated Moc Files">
      <UniqueIdentifier>{982a16a6-4033-44d6-b632-f3180f3944c5}</UniqueIdentifier>
    </Filter>
    <Filter Include="Generated Form Files">
      <UniqueIdentifier>{b4cb61b3-e1bc-44e8-8fba-19fab0cbec1f}</UniqueIdentifier>
    </Filter>
    <Filter Include="Form Files">
      <UniqueIdentifier>{20b73e59-c812-4c19-8f7f-06049e6ff8ba}</UniqueIdentifier>
      <Extensions>ui</Extensions>
    </Filter>
  </ItemGroup>
  <ItemGroup>
    <ClCompile Include="..\..\..\scribus\plugins\import\pdf\importpdf.cpp">
      <Filter>Source Files</Filter>
    </ClCompile>
    <ClCompile Include="..\..\..\scribus\plugins\import\pdf\importpdfplugin.cpp">
      <Filter>Source Files</Filter>
    </ClCompile>
    <ClCompile Include="..\..\..\scribus\plugins\import\pdf\pdfimportoptions.cpp">
      <Filter>Source Files</Filter>
    </ClCompile>
    <ClCompile Include="..\..\..\scribus\plugins\import\pdf\slaoutput.cpp">
      <Filter>Source Files</Filter>
    </ClCompile>
    <ClCompile Include="..\..\..\scribus\plugins\import\pdf\moc_importpdf.cpp">
      <Filter>Generated Moc Files</Filter>
    </ClCompile>
    <ClCompile Include="..\..\..\scribus\plugins\import\pdf\moc_importpdfplugin.cpp">
      <Filter>Generated Moc Files</Filter>
    </ClCompile>
    <ClCompile Include="..\..\..\scribus\plugins\import\pdf\moc_pdfimportoptions.cpp">
      <Filter>Generated Moc Files</Filter>
    </ClCompile>
  </ItemGroup>
  <ItemGroup>
    <ClInclude Include="..\..\..\scribus\plugins\import\pdf\slaoutput.h">
      <Filter>Header Files</Filter>
    </ClInclude>
    <ClInclude Include="..\..\..\scribus\plugins\import\pdf\ui_pdfimportoptions.h">
      <Filter>Generated Form Files</Filter>
    </ClInclude>
  </ItemGroup>
  <ItemGroup>
    <uic Include="..\..\..\scribus\plugins\import\pdf\pdfimportoptions.ui">
      <Filter>Form Files</Filter>
    </uic>
  </ItemGroup>
  <ItemGroup>
    <moc Include="..\..\..\scribus\plugins\import\pdf\importpdf.h">
      <Filter>Header Files</Filter>
    </moc>
    <moc Include="..\..\..\scribus\plugins\import\pdf\importpdfplugin.h">
      <Filter>Header Files</Filter>
    </moc>
    <moc Include="..\..\..\scribus\plugins\import\pdf\pdfimportoptions.h">
      <Filter>Header Files</Filter>
    </moc>
  </ItemGroup>
</Project>