<?xml version="1.0" encoding="utf-8"?>
<Project ToolsVersion="4.0" xmlns="http://schemas.microsoft.com/developer/msbuild/2003">
  <ItemGroup>
    <Filter Include="Source Files">
      <UniqueIdentifier>{69176092-f81a-4acd-81c8-2407ef2ba164}</UniqueIdentifier>
      <Extensions>cpp;c;cxx;def;odl;idl;hpj;bat;asm</Extensions>
    </Filter>
    <Filter Include="Header Files">
      <UniqueIdentifier>{bb8581c4-a439-494b-8ea6-f78a1897bf36}</UniqueIdentifier>
      <Extensions>h;hpp;hxx;hm;inl;inc</Extensions>
    </Filter>
    <Filter Include="Generated Moc Files">
      <UniqueIdentifier>{08dd8da6-37cb-44a1-99a3-b6cb6a1c711a}</UniqueIdentifier>
    </Filter>
    <Filter Include="Generated Form Files">
      <UniqueIdentifier>{89966025-bcd1-4d3b-98e8-4109b1193f85}</UniqueIdentifier>
    </Filter>
    <Filter Include="Form Files">
      <UniqueIdentifier>{7415e969-ba59-41fa-88be-c7d9c92646a6}</UniqueIdentifier>
      <Extensions>ui</Extensions>
    </Filter>
  </ItemGroup>
  <ItemGroup>
    <ClCompile Include="hunspellcheckdll.cpp">
      <Filter>Source Files</Filter>
    </ClCompile>
    <ClCompile Include="..\..\..\scribus\plugins\tools\hunspellcheck\hunspelldialog.cpp">
      <Filter>Source Files</Filter>
    </ClCompile>
    <ClCompile Include="..\..\..\scribus\plugins\tools\hunspellcheck\hunspellplugin.cpp">
      <Filter>Source Files</Filter>
    </ClCompile>
    <ClCompile Include="..\..\..\scribus\plugins\tools\hunspellcheck\hunspellpluginimpl.cpp">
      <Filter>Source Files</Filter>
    </ClCompile>
    <ClCompile Include="..\..\..\scribus\plugins\tools\hunspellcheck\moc_hunspelldialog.cpp">
      <Filter>Generated Moc Files</Filter>
    </ClCompile>
    <ClCompile Include="..\..\..\scribus\plugins\tools\hunspellcheck\moc_hunspellplugin.cpp">
      <Filter>Generated Moc Files</Filter>
    </ClCompile>
    <ClCompile Include="..\..\..\scribus\plugins\tools\hunspellcheck\moc_hunspellpluginimpl.cpp">
      <Filter>Generated Moc Files</Filter>
    </ClCompile>
    <ClCompile Include="..\..\..\scribus\plugins\tools\hunspellcheck\hunspelldict.cpp">
      <Filter>Source Files</Filter>
    </ClCompile>
  </ItemGroup>
  <ItemGroup>
    <ClInclude Include="..\..\..\scribus\plugins\tools\hunspellcheck\hunspellpluginstructs.h">
      <Filter>Header Files</Filter>
    </ClInclude>
    <ClInclude Include="..\..\..\scribus\plugins\tools\hunspellcheck\ui_hunspelldialogbase.h">
      <Filter>Generated Form Files</Filter>
    </ClInclude>
    <ClInclude Include="..\..\..\scribus\plugins\tools\hunspellcheck\hunspelldict.h">
      <Filter>Header Files</Filter>
    </ClInclude>
  </ItemGroup>
  <ItemGroup>
    <uic Include="..\..\..\scribus\plugins\tools\hunspellcheck\hunspelldialogbase.ui">
      <Filter>Form Files</Filter>
    </uic>
  </ItemGroup>
  <ItemGroup>
    <moc Include="..\..\..\scribus\plugins\tools\hunspellcheck\hunspelldialog.h">
      <Filter>Header Files</Filter>
    </moc>
    <moc Include="..\..\..\scribus\plugins\tools\hunspellcheck\hunspellplugin.h">
      <Filter>Header Files</Filter>
    </moc>
    <moc Include="..\..\..\scribus\plugins\tools\hunspellcheck\hunspellpluginimpl.h">
      <Filter>Header Files</Filter>
    </moc>
  </ItemGroup>
</Project>