<?xml version="1.0" encoding="utf-8"?>
<Project ToolsVersion="4.0" xmlns="http://schemas.microsoft.com/developer/msbuild/2003">
  <ItemGroup>
    <Filter Include="Sources Files">
      <UniqueIdentifier>{4FC737F1-C7A5-4376-A066-2A32D752A2FF}</UniqueIdentifier>
      <Extensions>cpp;c;cc;cxx;def;odl;idl;hpj;bat;asm;asmx</Extensions>
    </Filter>
    <Filter Include="Header Files">
      <UniqueIdentifier>{93995380-89BD-4b04-88EB-625FBE52EBFB}</UniqueIdentifier>
      <Extensions>h;hpp;hxx;hm;inl;inc;xsd</Extensions>
    </Filter>
    <Filter Include="Generated Moc Files">
      <UniqueIdentifier>{5f6ce49e-d8ad-4a65-839f-3373324c4d82}</UniqueIdentifier>
    </Filter>
  </ItemGroup>
  <ItemGroup>
    <ClCompile Include="..\..\..\scribus\third_party\zip\scribus_zip.cpp">
      <Filter>Sources Files</Filter>
    </ClCompile>
    <ClCompile Include="..\..\..\scribus\third_party\zip\unzip.cpp">
      <Filter>Sources Files</Filter>
    </ClCompile>
    <ClCompile Include="..\..\..\scribus\third_party\zip\zip.cpp">
      <Filter>Sources Files</Filter>
    </ClCompile>
    <ClCompile Include="..\..\..\scribus\third_party\zip\zipglobal.cpp">
      <Filter>Sources Files</Filter>
    </ClCompile>
    <ClCompile Include="..\..\..\scribus\third_party\zip\moc_zip_p.cpp">
      <Filter>Generated Moc Files</Filter>
    </ClCompile>
    <ClCompile Include="..\..\..\scribus\third_party\zip\moc_unzip_p.cpp">
      <Filter>Generated Moc Files</Filter>
    </ClCompile>
  </ItemGroup>
  <ItemGroup>
    <ClInclude Include="..\..\..\scribus\third_party\zip\scribus_zip.h">
      <Filter>Header Files</Filter>
    </ClInclude>
    <ClInclude Include="..\..\..\scribus\third_party\zip\unzip.h">
      <Filter>Header Files</Filter>
    </ClInclude>
    <ClInclude Include="..\..\..\scribus\third_party\zip\zip.h">
      <Filter>Header Files</Filter>
    </ClInclude>
    <ClInclude Include="..\..\..\scribus\third_party\zip\zipentry_p.h">
      <Filter>Header Files</Filter>
    </ClInclude>
    <ClInclude Include="..\..\..\scribus\third_party\zip\zipglobal.h">
      <Filter>Header Files</Filter>
    </ClInclude>
  </ItemGroup>
  <ItemGroup>
    <moc Include="..\..\..\scribus\third_party\zip\zip_p.h">
      <Filter>Header Files</Filter>
    </moc>
    <moc Include="..\..\..\scribus\third_party\zip\unzip_p.h">
      <Filter>Header Files</Filter>
    </moc>
  </ItemGroup>
</Project>