<?xml version="1.0" encoding="utf-8"?>
<Project ToolsVersion="4.0" xmlns="http://schemas.microsoft.com/developer/msbuild/2003">
  <ItemGroup>
    <Filter Include="Source Files">
      <UniqueIdentifier>{06d03c5b-64b2-4433-a301-e35933166a08}</UniqueIdentifier>
      <Extensions>cpp;c;cxx;def;odl;idl;hpj;bat;asm</Extensions>
    </Filter>
    <Filter Include="Header Files">
      <UniqueIdentifier>{55c463bc-28cb-40e9-8065-82bd5bd9e39f}</UniqueIdentifier>
      <Extensions>h;hpp;hxx;hm;inl;inc</Extensions>
    </Filter>
    <Filter Include="Form Files">
      <UniqueIdentifier>{09f7faf0-2871-4174-8346-cf42a1da43c6}</UniqueIdentifier>
    </Filter>
    <Filter Include="Generated Form Files">
      <UniqueIdentifier>{f55087c4-a921-49d3-8fff-06a1bdcc027b}</UniqueIdentifier>
    </Filter>
    <Filter Include="Generated Moc Files">
      <UniqueIdentifier>{d9ccf1e7-d24d-46f3-87e5-8b8ab51e13ba}</UniqueIdentifier>
    </Filter>
  </ItemGroup>
  <ItemGroup>
    <ClCompile Include="..\..\..\scribus\plugins\pixmapexport\dialog.cpp">
      <Filter>Source Files</Filter>
    </ClCompile>
    <ClCompile Include="..\..\..\scribus\plugins\pixmapexport\export.cpp">
      <Filter>Source Files</Filter>
    </ClCompile>
    <ClCompile Include="pixmapexportdll.cpp">
      <Filter>Source Files</Filter>
    </ClCompile>
    <ClCompile Include="..\..\..\scribus\plugins\pixmapexport\moc_dialog.cpp">
      <Filter>Generated Moc Files</Filter>
    </ClCompile>
    <ClCompile Include="..\..\..\scribus\plugins\pixmapexport\moc_export.cpp">
      <Filter>Generated Moc Files</Filter>
    </ClCompile>
  </ItemGroup>
  <ItemGroup>
    <ClInclude Include="..\..\..\scribus\plugins\pixmapexport\ui_exportform.h">
      <Filter>Generated Form Files</Filter>
    </ClInclude>
  </ItemGroup>
  <ItemGroup>
    <uic Include="..\..\..\scribus\plugins\pixmapexport\exportform.ui">
      <Filter>Form Files</Filter>
    </uic>
  </ItemGroup>
  <ItemGroup>
    <moc Include="..\..\..\scribus\plugins\pixmapexport\dialog.h">
      <Filter>Header Files</Filter>
    </moc>
    <moc Include="..\..\..\scribus\plugins\pixmapexport\export.h">
      <Filter>Header Files</Filter>
    </moc>
  </ItemGroup>
</Project>