<?xml version="1.0" encoding="utf-8"?>
<Project ToolsVersion="4.0" xmlns="http://schemas.microsoft.com/developer/msbuild/2003">
  <ItemGroup>
    <Filter Include="Source Files">
      <UniqueIdentifier>{2ce609c1-fd81-4931-8cb7-748594c6521d}</UniqueIdentifier>
      <Extensions>cpp;c;cxx;def;odl;idl;hpj;bat;asm</Extensions>
    </Filter>
    <Filter Include="Header Files">
      <UniqueIdentifier>{b9d5cff3-22c6-420c-835c-bdbc31d94ea2}</UniqueIdentifier>
      <Extensions>h;hpp;hxx;hm;inl;inc</Extensions>
    </Filter>
    <Filter Include="Generated Moc Files">
      <UniqueIdentifier>{c2ef79ee-8e49-4595-adb6-9c7cd8d645ce}</UniqueIdentifier>
    </Filter>
    <Filter Include="Generated Form Files">
      <UniqueIdentifier>{2daf634a-9d28-4bd1-812b-87f81cc3fba0}</UniqueIdentifier>
    </Filter>
    <Filter Include="Form Files">
      <UniqueIdentifier>{548c5ab9-eeb9-4c0b-b7a8-fce0d3280314}</UniqueIdentifier>
      <Extensions>ui</Extensions>
    </Filter>
  </ItemGroup>
  <ItemGroup>
    <ClCompile Include="transformdll.cpp">
      <Filter>Source Files</Filter>
    </ClCompile>
    <ClCompile Include="..\..\..\scribus\plugins\tools\transform\transformdialog.cpp">
      <Filter>Source Files</Filter>
    </ClCompile>
    <ClCompile Include="..\..\..\scribus\plugins\tools\transform\transformeffect.cpp">
      <Filter>Source Files</Filter>
    </ClCompile>
    <ClCompile Include="..\..\..\scribus\plugins\tools\transform\moc_transformdialog.cpp">
      <Filter>Generated Moc Files</Filter>
    </ClCompile>
    <ClCompile Include="..\..\..\scribus\plugins\tools\transform\moc_transformeffect.cpp">
      <Filter>Generated Moc Files</Filter>
    </ClCompile>
  </ItemGroup>
  <ItemGroup>
    <ClInclude Include="..\..\..\scribus\plugins\tools\transform\ui_transformdialogbase.h">
      <Filter>Generated Form Files</Filter>
    </ClInclude>
  </ItemGroup>
  <ItemGroup>
    <uic Include="..\..\..\scribus\plugins\tools\transform\transformdialogbase.ui">
      <Filter>Form Files</Filter>
    </uic>
  </ItemGroup>
  <ItemGroup>
    <moc Include="..\..\..\scribus\plugins\tools\transform\transformdialog.h">
      <Filter>Header Files</Filter>
    </moc>
    <moc Include="..\..\..\scribus\plugins\tools\transform\transformeffect.h">
      <Filter>Header Files</Filter>
    </moc>
  </ItemGroup>
</Project>